
Microsoft Visual Studio Solution File, Format Version 12.00
# Visual Studio Version 17
VisualStudioVersion = 17.0.31903.59
MinimumVisualStudioVersion = 10.0.40219.1
Project("{2150E333-8FDC-42A3-9474-1A3956D46DE8}") = "Source", "Source", "{B66B0FA5-9031-4E84-BE7E-A9CE71B6A4A1}"
EndProject
Project("{2150E333-8FDC-42A3-9474-1A3956D46DE8}") = "Zentient", "Zentient", "{EED7EE6C-D82C-4547-90B2-4EDECC0BD6D1}"
	ProjectSection(SolutionItems) = preProject
		benchmark.txt = benchmark.txt
	EndProjectSection
EndProject
Project("{9A19103F-16F7-4668-BE54-9A1E7A4F7556}") = "Zentient.Tests", "Source\Zentient\Tests\Zentient.Tests.csproj", "{E10A3788-4ADD-4D3F-8ADF-B132FB7D14DB}"
EndProject
Project("{9A19103F-16F7-4668-BE54-9A1E7A4F7556}") = "ConsoleTesting", "ConsoleTesting\ConsoleTesting.csproj", "{2125797E-1AE3-4088-A3C1-205CBCFF1E05}"
EndProject
Project("{9A19103F-16F7-4668-BE54-9A1E7A4F7556}") = "ConsoleTesting", "ConsoleTesting\ConsoleTesting.csproj", "{482B699D-2356-4DF8-8844-94F7BD9E7A30}"
EndProject
Project("{9A19103F-16F7-4668-BE54-9A1E7A4F7556}") = "Tests", "Source\Tests\Tests.csproj", "{B6F4BFC4-2A5F-4368-8F3B-3776EED9D456}"
EndProject
Project("{9A19103F-16F7-4668-BE54-9A1E7A4F7556}") = "Zentient.Attributes", "Source\Zentient\Attributes\Zentient.Attributes.csproj", "{8C894F77-F3A6-4122-A54D-21E9B7DF450C}"
EndProject
Project("{9A19103F-16F7-4668-BE54-9A1E7A4F7556}") = "Zentient.Benchmarking", "Source\Zentient\Benchmarking\Zentient.Benchmarking.csproj", "{0E59F999-A4B3-4012-A9D1-CE773D383C41}"
EndProject
Project("{9A19103F-16F7-4668-BE54-9A1E7A4F7556}") = "Zentient.Configuration", "Source\Zentient\Configuration\Zentient.Configuration.csproj", "{FB34B800-AA9D-4366-BAA3-441C34E399DA}"
EndProject
Project("{9A19103F-16F7-4668-BE54-9A1E7A4F7556}") = "Zentient.DependencyInjection", "Source\Zentient\DependencyInjection\Zentient.DependencyInjection.csproj", "{4623D404-590C-420B-ABA2-C6A40015C58A}"
EndProject
Project("{9A19103F-16F7-4668-BE54-9A1E7A4F7556}") = "Zentient.DTOGenerator", "Source\Zentient\DTOGenerator\Zentient.DTOGenerator.csproj", "{314C31CB-D3A6-4F65-B68C-95B6AA816214}"
EndProject
Project("{9A19103F-16F7-4668-BE54-9A1E7A4F7556}") = "Zentient.Extensions", "Source\Zentient\Extensions\Zentient.Extensions.csproj", "{F7E3686F-FD41-4D2F-BC52-2CC005941A28}"
EndProject
Project("{9A19103F-16F7-4668-BE54-9A1E7A4F7556}") = "Zentient.Reflector", "Source\Zentient\Reflector\Zentient.Reflector.csproj", "{BD7C47B8-E55D-452B-97FF-F5C417F3F10C}"
EndProject
Project("{9A19103F-16F7-4668-BE54-9A1E7A4F7556}") = "Zentient.Tests", "Source\Zentient\Tests\Zentient.Tests.csproj", "{546AE2C2-39F6-47CB-A32D-64D09A8C2047}"
EndProject
Project("{9A19103F-16F7-4668-BE54-9A1E7A4F7556}") = "Zentient.Vectors", "Source\Zentient\Vectors\Zentient.Vectors.csproj", "{6F3FE46B-DBF8-4AA2-88BF-332AFE877485}"
EndProject
Project("{FAE04EC0-301F-11D3-BF4B-00C04F79EFBC}") = "Zentient.Visualization", "Source\Zentient\Visualization\Zentient.Visualization\Zentient.Visualization.csproj", "{8A3702BD-33CB-46BB-BFE3-D469CC833CBC}"
EndProject
Global
	GlobalSection(SolutionConfigurationPlatforms) = preSolution
		Debug|Any CPU = Debug|Any CPU
		Release|Any CPU = Release|Any CPU
	EndGlobalSection
	GlobalSection(ProjectConfigurationPlatforms) = postSolution
		{482B699D-2356-4DF8-8844-94F7BD9E7A30}.Debug|Any CPU.ActiveCfg = Debug|Any CPU
		{482B699D-2356-4DF8-8844-94F7BD9E7A30}.Debug|Any CPU.Build.0 = Debug|Any CPU
		{482B699D-2356-4DF8-8844-94F7BD9E7A30}.Release|Any CPU.ActiveCfg = Release|Any CPU
		{482B699D-2356-4DF8-8844-94F7BD9E7A30}.Release|Any CPU.Build.0 = Release|Any CPU
		{B6F4BFC4-2A5F-4368-8F3B-3776EED9D456}.Debug|Any CPU.ActiveCfg = Debug|Any CPU
		{B6F4BFC4-2A5F-4368-8F3B-3776EED9D456}.Debug|Any CPU.Build.0 = Debug|Any CPU
		{B6F4BFC4-2A5F-4368-8F3B-3776EED9D456}.Release|Any CPU.ActiveCfg = Release|Any CPU
		{B6F4BFC4-2A5F-4368-8F3B-3776EED9D456}.Release|Any CPU.Build.0 = Release|Any CPU
		{8C894F77-F3A6-4122-A54D-21E9B7DF450C}.Debug|Any CPU.ActiveCfg = Debug|Any CPU
		{8C894F77-F3A6-4122-A54D-21E9B7DF450C}.Debug|Any CPU.Build.0 = Debug|Any CPU
		{8C894F77-F3A6-4122-A54D-21E9B7DF450C}.Release|Any CPU.ActiveCfg = Release|Any CPU
		{8C894F77-F3A6-4122-A54D-21E9B7DF450C}.Release|Any CPU.Build.0 = Release|Any CPU
		{0E59F999-A4B3-4012-A9D1-CE773D383C41}.Debug|Any CPU.ActiveCfg = Debug|Any CPU
		{0E59F999-A4B3-4012-A9D1-CE773D383C41}.Debug|Any CPU.Build.0 = Debug|Any CPU
		{0E59F999-A4B3-4012-A9D1-CE773D383C41}.Release|Any CPU.ActiveCfg = Release|Any CPU
		{0E59F999-A4B3-4012-A9D1-CE773D383C41}.Release|Any CPU.Build.0 = Release|Any CPU
		{FB34B800-AA9D-4366-BAA3-441C34E399DA}.Debug|Any CPU.ActiveCfg = Debug|Any CPU
		{FB34B800-AA9D-4366-BAA3-441C34E399DA}.Debug|Any CPU.Build.0 = Debug|Any CPU
		{FB34B800-AA9D-4366-BAA3-441C34E399DA}.Release|Any CPU.ActiveCfg = Release|Any CPU
		{FB34B800-AA9D-4366-BAA3-441C34E399DA}.Release|Any CPU.Build.0 = Release|Any CPU
		{4623D404-590C-420B-ABA2-C6A40015C58A}.Debug|Any CPU.ActiveCfg = Debug|Any CPU
		{4623D404-590C-420B-ABA2-C6A40015C58A}.Debug|Any CPU.Build.0 = Debug|Any CPU
		{4623D404-590C-420B-ABA2-C6A40015C58A}.Release|Any CPU.ActiveCfg = Release|Any CPU
		{4623D404-590C-420B-ABA2-C6A40015C58A}.Release|Any CPU.Build.0 = Release|Any CPU
		{314C31CB-D3A6-4F65-B68C-95B6AA816214}.Debug|Any CPU.ActiveCfg = Debug|Any CPU
		{314C31CB-D3A6-4F65-B68C-95B6AA816214}.Debug|Any CPU.Build.0 = Debug|Any CPU
		{314C31CB-D3A6-4F65-B68C-95B6AA816214}.Release|Any CPU.ActiveCfg = Release|Any CPU
		{314C31CB-D3A6-4F65-B68C-95B6AA816214}.Release|Any CPU.Build.0 = Release|Any CPU
		{F7E3686F-FD41-4D2F-BC52-2CC005941A28}.Debug|Any CPU.ActiveCfg = Debug|Any CPU
		{F7E3686F-FD41-4D2F-BC52-2CC005941A28}.Debug|Any CPU.Build.0 = Debug|Any CPU
		{F7E3686F-FD41-4D2F-BC52-2CC005941A28}.Release|Any CPU.ActiveCfg = Release|Any CPU
		{F7E3686F-FD41-4D2F-BC52-2CC005941A28}.Release|Any CPU.Build.0 = Release|Any CPU
		{BD7C47B8-E55D-452B-97FF-F5C417F3F10C}.Debug|Any CPU.ActiveCfg = Debug|Any CPU
		{BD7C47B8-E55D-452B-97FF-F5C417F3F10C}.Debug|Any CPU.Build.0 = Debug|Any CPU
		{BD7C47B8-E55D-452B-97FF-F5C417F3F10C}.Release|Any CPU.ActiveCfg = Release|Any CPU
		{BD7C47B8-E55D-452B-97FF-F5C417F3F10C}.Release|Any CPU.Build.0 = Release|Any CPU
		{546AE2C2-39F6-47CB-A32D-64D09A8C2047}.Debug|Any CPU.ActiveCfg = Debug|Any CPU
		{546AE2C2-39F6-47CB-A32D-64D09A8C2047}.Debug|Any CPU.Build.0 = Debug|Any CPU
		{546AE2C2-39F6-47CB-A32D-64D09A8C2047}.Release|Any CPU.ActiveCfg = Release|Any CPU
		{546AE2C2-39F6-47CB-A32D-64D09A8C2047}.Release|Any CPU.Build.0 = Release|Any CPU
		{6F3FE46B-DBF8-4AA2-88BF-332AFE877485}.Debug|Any CPU.ActiveCfg = Debug|Any CPU
		{6F3FE46B-DBF8-4AA2-88BF-332AFE877485}.Debug|Any CPU.Build.0 = Debug|Any CPU
		{6F3FE46B-DBF8-4AA2-88BF-332AFE877485}.Release|Any CPU.ActiveCfg = Release|Any CPU
		{6F3FE46B-DBF8-4AA2-88BF-332AFE877485}.Release|Any CPU.Build.0 = Release|Any CPU
		{8A3702BD-33CB-46BB-BFE3-D469CC833CBC}.Debug|Any CPU.ActiveCfg = Debug|Any CPU
		{8A3702BD-33CB-46BB-BFE3-D469CC833CBC}.Debug|Any CPU.Build.0 = Debug|Any CPU
		{8A3702BD-33CB-46BB-BFE3-D469CC833CBC}.Release|Any CPU.ActiveCfg = Release|Any CPU
		{8A3702BD-33CB-46BB-BFE3-D469CC833CBC}.Release|Any CPU.Build.0 = Release|Any CPU
		{E10A3788-4ADD-4D3F-8ADF-B132FB7D14DB}.Debug|Any CPU.ActiveCfg = Debug|Any CPU
		{E10A3788-4ADD-4D3F-8ADF-B132FB7D14DB}.Debug|Any CPU.Build.0 = Debug|Any CPU
		{E10A3788-4ADD-4D3F-8ADF-B132FB7D14DB}.Release|Any CPU.ActiveCfg = Release|Any CPU
		{E10A3788-4ADD-4D3F-8ADF-B132FB7D14DB}.Release|Any CPU.Build.0 = Release|Any CPU
		{2125797E-1AE3-4088-A3C1-205CBCFF1E05}.Debug|Any CPU.ActiveCfg = Debug|Any CPU
		{2125797E-1AE3-4088-A3C1-205CBCFF1E05}.Debug|Any CPU.Build.0 = Debug|Any CPU
		{2125797E-1AE3-4088-A3C1-205CBCFF1E05}.Release|Any CPU.ActiveCfg = Release|Any CPU
		{2125797E-1AE3-4088-A3C1-205CBCFF1E05}.Release|Any CPU.Build.0 = Release|Any CPU
		{DE3E2E85-9605-404C-AB04-D8052470B15D}.Debug|Any CPU.ActiveCfg = Debug|Any CPU
		{DE3E2E85-9605-404C-AB04-D8052470B15D}.Debug|Any CPU.Build.0 = Debug|Any CPU
		{DE3E2E85-9605-404C-AB04-D8052470B15D}.Release|Any CPU.ActiveCfg = Release|Any CPU
		{DE3E2E85-9605-404C-AB04-D8052470B15D}.Release|Any CPU.Build.0 = Release|Any CPU
		{95484CDB-C8F9-491A-ADDF-9CE657EB886C}.Debug|Any CPU.ActiveCfg = Debug|Any CPU
		{95484CDB-C8F9-491A-ADDF-9CE657EB886C}.Debug|Any CPU.Build.0 = Debug|Any CPU
		{95484CDB-C8F9-491A-ADDF-9CE657EB886C}.Release|Any CPU.ActiveCfg = Release|Any CPU
		{95484CDB-C8F9-491A-ADDF-9CE657EB886C}.Release|Any CPU.Build.0 = Release|Any CPU
		{6215753A-B858-4159-8B1C-1E9EC77D67CF}.Debug|Any CPU.ActiveCfg = Debug|Any CPU
		{6215753A-B858-4159-8B1C-1E9EC77D67CF}.Debug|Any CPU.Build.0 = Debug|Any CPU
		{6215753A-B858-4159-8B1C-1E9EC77D67CF}.Release|Any CPU.ActiveCfg = Release|Any CPU
		{6215753A-B858-4159-8B1C-1E9EC77D67CF}.Release|Any CPU.Build.0 = Release|Any CPU
		{3A182B9C-0A44-40A3-9B1F-7823A766A7DC}.Debug|Any CPU.ActiveCfg = Debug|Any CPU
		{3A182B9C-0A44-40A3-9B1F-7823A766A7DC}.Debug|Any CPU.Build.0 = Debug|Any CPU
		{3A182B9C-0A44-40A3-9B1F-7823A766A7DC}.Release|Any CPU.ActiveCfg = Release|Any CPU
		{3A182B9C-0A44-40A3-9B1F-7823A766A7DC}.Release|Any CPU.Build.0 = Release|Any CPU
		{4D50D880-C191-4B4B-8206-E6DC8B5783C9}.Debug|Any CPU.ActiveCfg = Debug|Any CPU
		{4D50D880-C191-4B4B-8206-E6DC8B5783C9}.Debug|Any CPU.Build.0 = Debug|Any CPU
		{4D50D880-C191-4B4B-8206-E6DC8B5783C9}.Release|Any CPU.ActiveCfg = Release|Any CPU
		{4D50D880-C191-4B4B-8206-E6DC8B5783C9}.Release|Any CPU.Build.0 = Release|Any CPU
		{714875DE-C929-49B3-89B4-B5C789E58380}.Debug|Any CPU.ActiveCfg = Debug|Any CPU
		{714875DE-C929-49B3-89B4-B5C789E58380}.Debug|Any CPU.Build.0 = Debug|Any CPU
		{714875DE-C929-49B3-89B4-B5C789E58380}.Release|Any CPU.ActiveCfg = Release|Any CPU
		{714875DE-C929-49B3-89B4-B5C789E58380}.Release|Any CPU.Build.0 = Release|Any CPU
		{586D9982-A302-4B17-A089-22DD04625088}.Debug|Any CPU.ActiveCfg = Debug|Any CPU
		{586D9982-A302-4B17-A089-22DD04625088}.Debug|Any CPU.Build.0 = Debug|Any CPU
		{586D9982-A302-4B17-A089-22DD04625088}.Release|Any CPU.ActiveCfg = Release|Any CPU
		{586D9982-A302-4B17-A089-22DD04625088}.Release|Any CPU.Build.0 = Release|Any CPU
		{C1431335-F23C-4B8B-8A4E-94A6062F6D5A}.Debug|Any CPU.ActiveCfg = Debug|Any CPU
		{C1431335-F23C-4B8B-8A4E-94A6062F6D5A}.Debug|Any CPU.Build.0 = Debug|Any CPU
		{C1431335-F23C-4B8B-8A4E-94A6062F6D5A}.Release|Any CPU.ActiveCfg = Release|Any CPU
		{C1431335-F23C-4B8B-8A4E-94A6062F6D5A}.Release|Any CPU.Build.0 = Release|Any CPU
	EndGlobalSection
	GlobalSection(SolutionProperties) = preSolution
		HideSolutionNode = FALSE
	EndGlobalSection
	GlobalSection(NestedProjects) = preSolution
		{EED7EE6C-D82C-4547-90B2-4EDECC0BD6D1} = {B66B0FA5-9031-4E84-BE7E-A9CE71B6A4A1}
		{B6F4BFC4-2A5F-4368-8F3B-3776EED9D456} = {B66B0FA5-9031-4E84-BE7E-A9CE71B6A4A1}
		{8C894F77-F3A6-4122-A54D-21E9B7DF450C} = {EED7EE6C-D82C-4547-90B2-4EDECC0BD6D1}
		{0E59F999-A4B3-4012-A9D1-CE773D383C41} = {EED7EE6C-D82C-4547-90B2-4EDECC0BD6D1}
		{FB34B800-AA9D-4366-BAA3-441C34E399DA} = {EED7EE6C-D82C-4547-90B2-4EDECC0BD6D1}
		{4623D404-590C-420B-ABA2-C6A40015C58A} = {EED7EE6C-D82C-4547-90B2-4EDECC0BD6D1}
		{314C31CB-D3A6-4F65-B68C-95B6AA816214} = {EED7EE6C-D82C-4547-90B2-4EDECC0BD6D1}
		{F7E3686F-FD41-4D2F-BC52-2CC005941A28} = {EED7EE6C-D82C-4547-90B2-4EDECC0BD6D1}
		{BD7C47B8-E55D-452B-97FF-F5C417F3F10C} = {EED7EE6C-D82C-4547-90B2-4EDECC0BD6D1}
		{546AE2C2-39F6-47CB-A32D-64D09A8C2047} = {EED7EE6C-D82C-4547-90B2-4EDECC0BD6D1}
		{6F3FE46B-DBF8-4AA2-88BF-332AFE877485} = {EED7EE6C-D82C-4547-90B2-4EDECC0BD6D1}
		{8A3702BD-33CB-46BB-BFE3-D469CC833CBC} = {EED7EE6C-D82C-4547-90B2-4EDECC0BD6D1}
	EndGlobalSection
	GlobalSection(ExtensibilityGlobals) = postSolution
		SolutionGuid = {214CA6B2-6F1F-481B-9BEC-2C9E11113A1F}
	EndGlobalSection
EndGlobal
