
Microsoft Visual Studio Solution File, Format Version 12.00
# Visual Studio Version 17
VisualStudioVersion = 17.0.31903.59
MinimumVisualStudioVersion = 10.0.40219.1
Project("{2150E333-8FDC-42A3-9474-1A3956D46DE8}") = "src", "src", "{827E0CD3-B72D-47B6-A68D-7590B98EB39B}"
EndProject
Project("{FAE04EC0-301F-11D3-BF4B-00C04F79EFBC}") = "Zentient.Endpoints.Analyzers", "src\Zentient.Endpoints.Analyzers\Zentient.Endpoints.Analyzers.csproj", "{92F291B8-4BDB-45CC-9CEE-1BFE547CB051}"
EndProject
Project("{FAE04EC0-301F-11D3-BF4B-00C04F79EFBC}") = "Zentient.Endpoints.Grpc", "src\Zentient.Endpoints.Grpc\Zentient.Endpoints.Grpc.csproj", "{D844F26D-A341-4CFA-891E-B9F26C69EA7B}"
EndProject
Project("{FAE04EC0-301F-11D3-BF4B-00C04F79EFBC}") = "Zentient.Endpoints.Http", "src\Zentient.Endpoints.Http\Zentient.Endpoints.Http.csproj", "{C5CF9553-3370-4E34-9A14-780DE3240741}"
EndProject
Project("{FAE04EC0-301F-11D3-BF4B-00C04F79EFBC}") = "Zentient.Endpoints.Messaging", "src\Zentient.Endpoints.Messaging\Zentient.Endpoints.Messaging.csproj", "{33AF88F2-AB58-4BD0-865D-9B082152C7C9}"
EndProject
Project("{FAE04EC0-301F-11D3-BF4B-00C04F79EFBC}") = "Zentient.Endpoints.Tests.Shared", "src\Zentient.Endpoints.Tests.Shared\Zentient.Endpoints.Tests.Shared.csproj", "{B884B297-1B17-45A3-9BA3-5362D1BF9816}"
EndProject
Project("{FAE04EC0-301F-11D3-BF4B-00C04F79EFBC}") = "Zentient.Endpoints", "src\Zentient.Endpoints\Zentient.Endpoints.csproj", "{A4C73C64-7777-4135-8FD0-08E6088D5FC1}"
EndProject
Project("{2150E333-8FDC-42A3-9474-1A3956D46DE8}") = "tests", "tests", "{0AB3BF05-4346-4AA6-1389-037BE0695223}"
EndProject
Project("{FAE04EC0-301F-11D3-BF4B-00C04F79EFBC}") = "Zentient.Endpoints.Analyzers.Tests", "tests\Zentient.Endpoints.Analyzers.Tests\Zentient.Endpoints.Analyzers.Tests.csproj", "{B7410E72-DC47-4902-857B-9E7F18591B6D}"
EndProject
Project("{FAE04EC0-301F-11D3-BF4B-00C04F79EFBC}") = "Zentient.Endpoints.Grpc.Tests", "tests\Zentient.Endpoints.Grpc.Tests\Zentient.Endpoints.Grpc.Tests.csproj", "{FE2F2C00-09D7-4A4D-A196-3F1F8524C110}"
EndProject
Project("{FAE04EC0-301F-11D3-BF4B-00C04F79EFBC}") = "Zentient.Endpoints.Http.Tests", "tests\Zentient.Endpoints.Http.Tests\Zentient.Endpoints.Http.Tests.csproj", "{BB3AAE25-D132-412A-9003-B81455A9454D}"
EndProject
Project("{FAE04EC0-301F-11D3-BF4B-00C04F79EFBC}") = "Zentient.Endpoints.Messaging.Tests", "tests\Zentient.Endpoints.Messaging.Tests\Zentient.Endpoints.Messaging.Tests.csproj", "{4C1A60DD-6B00-41F1-8980-019582E0468B}"
EndProject
Project("{FAE04EC0-301F-11D3-BF4B-00C04F79EFBC}") = "Zentient.Endpoints.Tests", "tests\Zentient.Endpoints.Tests\Zentient.Endpoints.Tests.csproj", "{7811B30F-9A82-46BD-9154-831D249584D4}"
EndProject
Project("{FAE04EC0-301F-11D3-BF4B-00C04F79EFBC}") = "Zentient.Results", "..\Results\Src\Results\Zentient.Results.csproj", "{AF19916E-E07A-A0AD-3A7A-51A484BCB005}"
EndProject
Project("{FAE04EC0-301F-11D3-BF4B-00C04F79EFBC}") = "Zentient.Utilities", "..\Results\Src\Utilities\Zentient.Utilities.csproj", "{F05FB187-F1F7-56C3-C91B-1357EAE236F9}"
EndProject
Global
	GlobalSection(SolutionConfigurationPlatforms) = preSolution
		Debug|Any CPU = Debug|Any CPU
		Debug|x64 = Debug|x64
		Debug|x86 = Debug|x86
		Release|Any CPU = Release|Any CPU
		Release|x64 = Release|x64
		Release|x86 = Release|x86
	EndGlobalSection
	GlobalSection(ProjectConfigurationPlatforms) = postSolution
		{92F291B8-4BDB-45CC-9CEE-1BFE547CB051}.Debug|Any CPU.ActiveCfg = Debug|Any CPU
		{92F291B8-4BDB-45CC-9CEE-1BFE547CB051}.Debug|Any CPU.Build.0 = Debug|Any CPU
		{92F291B8-4BDB-45CC-9CEE-1BFE547CB051}.Debug|x64.ActiveCfg = Debug|Any CPU
		{92F291B8-4BDB-45CC-9CEE-1BFE547CB051}.Debug|x64.Build.0 = Debug|Any CPU
		{92F291B8-4BDB-45CC-9CEE-1BFE547CB051}.Debug|x86.ActiveCfg = Debug|Any CPU
		{92F291B8-4BDB-45CC-9CEE-1BFE547CB051}.Debug|x86.Build.0 = Debug|Any CPU
		{92F291B8-4BDB-45CC-9CEE-1BFE547CB051}.Release|Any CPU.ActiveCfg = Release|Any CPU
		{92F291B8-4BDB-45CC-9CEE-1BFE547CB051}.Release|Any CPU.Build.0 = Release|Any CPU
		{92F291B8-4BDB-45CC-9CEE-1BFE547CB051}.Release|x64.ActiveCfg = Release|Any CPU
		{92F291B8-4BDB-45CC-9CEE-1BFE547CB051}.Release|x64.Build.0 = Release|Any CPU
		{92F291B8-4BDB-45CC-9CEE-1BFE547CB051}.Release|x86.ActiveCfg = Release|Any CPU
		{92F291B8-4BDB-45CC-9CEE-1BFE547CB051}.Release|x86.Build.0 = Release|Any CPU
		{D844F26D-A341-4CFA-891E-B9F26C69EA7B}.Debug|Any CPU.ActiveCfg = Debug|Any CPU
		{D844F26D-A341-4CFA-891E-B9F26C69EA7B}.Debug|Any CPU.Build.0 = Debug|Any CPU
		{D844F26D-A341-4CFA-891E-B9F26C69EA7B}.Debug|x64.ActiveCfg = Debug|Any CPU
		{D844F26D-A341-4CFA-891E-B9F26C69EA7B}.Debug|x64.Build.0 = Debug|Any CPU
		{D844F26D-A341-4CFA-891E-B9F26C69EA7B}.Debug|x86.ActiveCfg = Debug|Any CPU
		{D844F26D-A341-4CFA-891E-B9F26C69EA7B}.Debug|x86.Build.0 = Debug|Any CPU
		{D844F26D-A341-4CFA-891E-B9F26C69EA7B}.Release|Any CPU.ActiveCfg = Release|Any CPU
		{D844F26D-A341-4CFA-891E-B9F26C69EA7B}.Release|Any CPU.Build.0 = Release|Any CPU
		{D844F26D-A341-4CFA-891E-B9F26C69EA7B}.Release|x64.ActiveCfg = Release|Any CPU
		{D844F26D-A341-4CFA-891E-B9F26C69EA7B}.Release|x64.Build.0 = Release|Any CPU
		{D844F26D-A341-4CFA-891E-B9F26C69EA7B}.Release|x86.ActiveCfg = Release|Any CPU
		{D844F26D-A341-4CFA-891E-B9F26C69EA7B}.Release|x86.Build.0 = Release|Any CPU
		{C5CF9553-3370-4E34-9A14-780DE3240741}.Debug|Any CPU.ActiveCfg = Debug|Any CPU
		{C5CF9553-3370-4E34-9A14-780DE3240741}.Debug|Any CPU.Build.0 = Debug|Any CPU
		{C5CF9553-3370-4E34-9A14-780DE3240741}.Debug|x64.ActiveCfg = Debug|Any CPU
		{C5CF9553-3370-4E34-9A14-780DE3240741}.Debug|x64.Build.0 = Debug|Any CPU
		{C5CF9553-3370-4E34-9A14-780DE3240741}.Debug|x86.ActiveCfg = Debug|Any CPU
		{C5CF9553-3370-4E34-9A14-780DE3240741}.Debug|x86.Build.0 = Debug|Any CPU
		{C5CF9553-3370-4E34-9A14-780DE3240741}.Release|Any CPU.ActiveCfg = Release|Any CPU
		{C5CF9553-3370-4E34-9A14-780DE3240741}.Release|Any CPU.Build.0 = Release|Any CPU
		{C5CF9553-3370-4E34-9A14-780DE3240741}.Release|x64.ActiveCfg = Release|Any CPU
		{C5CF9553-3370-4E34-9A14-780DE3240741}.Release|x64.Build.0 = Release|Any CPU
		{C5CF9553-3370-4E34-9A14-780DE3240741}.Release|x86.ActiveCfg = Release|Any CPU
		{C5CF9553-3370-4E34-9A14-780DE3240741}.Release|x86.Build.0 = Release|Any CPU
		{33AF88F2-AB58-4BD0-865D-9B082152C7C9}.Debug|Any CPU.ActiveCfg = Debug|Any CPU
		{33AF88F2-AB58-4BD0-865D-9B082152C7C9}.Debug|Any CPU.Build.0 = Debug|Any CPU
		{33AF88F2-AB58-4BD0-865D-9B082152C7C9}.Debug|x64.ActiveCfg = Debug|Any CPU
		{33AF88F2-AB58-4BD0-865D-9B082152C7C9}.Debug|x64.Build.0 = Debug|Any CPU
		{33AF88F2-AB58-4BD0-865D-9B082152C7C9}.Debug|x86.ActiveCfg = Debug|Any CPU
		{33AF88F2-AB58-4BD0-865D-9B082152C7C9}.Debug|x86.Build.0 = Debug|Any CPU
		{33AF88F2-AB58-4BD0-865D-9B082152C7C9}.Release|Any CPU.ActiveCfg = Release|Any CPU
		{33AF88F2-AB58-4BD0-865D-9B082152C7C9}.Release|Any CPU.Build.0 = Release|Any CPU
		{33AF88F2-AB58-4BD0-865D-9B082152C7C9}.Release|x64.ActiveCfg = Release|Any CPU
		{33AF88F2-AB58-4BD0-865D-9B082152C7C9}.Release|x64.Build.0 = Release|Any CPU
		{33AF88F2-AB58-4BD0-865D-9B082152C7C9}.Release|x86.ActiveCfg = Release|Any CPU
		{33AF88F2-AB58-4BD0-865D-9B082152C7C9}.Release|x86.Build.0 = Release|Any CPU
		{B884B297-1B17-45A3-9BA3-5362D1BF9816}.Debug|Any CPU.ActiveCfg = Debug|Any CPU
		{B884B297-1B17-45A3-9BA3-5362D1BF9816}.Debug|Any CPU.Build.0 = Debug|Any CPU
		{B884B297-1B17-45A3-9BA3-5362D1BF9816}.Debug|x64.ActiveCfg = Debug|Any CPU
		{B884B297-1B17-45A3-9BA3-5362D1BF9816}.Debug|x64.Build.0 = Debug|Any CPU
		{B884B297-1B17-45A3-9BA3-5362D1BF9816}.Debug|x86.ActiveCfg = Debug|Any CPU
		{B884B297-1B17-45A3-9BA3-5362D1BF9816}.Debug|x86.Build.0 = Debug|Any CPU
		{B884B297-1B17-45A3-9BA3-5362D1BF9816}.Release|Any CPU.ActiveCfg = Release|Any CPU
		{B884B297-1B17-45A3-9BA3-5362D1BF9816}.Release|Any CPU.Build.0 = Release|Any CPU
		{B884B297-1B17-45A3-9BA3-5362D1BF9816}.Release|x64.ActiveCfg = Release|Any CPU
		{B884B297-1B17-45A3-9BA3-5362D1BF9816}.Release|x64.Build.0 = Release|Any CPU
		{B884B297-1B17-45A3-9BA3-5362D1BF9816}.Release|x86.ActiveCfg = Release|Any CPU
		{B884B297-1B17-45A3-9BA3-5362D1BF9816}.Release|x86.Build.0 = Release|Any CPU
		{A4C73C64-7777-4135-8FD0-08E6088D5FC1}.Debug|Any CPU.ActiveCfg = Debug|Any CPU
		{A4C73C64-7777-4135-8FD0-08E6088D5FC1}.Debug|Any CPU.Build.0 = Debug|Any CPU
		{A4C73C64-7777-4135-8FD0-08E6088D5FC1}.Debug|x64.ActiveCfg = Debug|Any CPU
		{A4C73C64-7777-4135-8FD0-08E6088D5FC1}.Debug|x64.Build.0 = Debug|Any CPU
		{A4C73C64-7777-4135-8FD0-08E6088D5FC1}.Debug|x86.ActiveCfg = Debug|Any CPU
		{A4C73C64-7777-4135-8FD0-08E6088D5FC1}.Debug|x86.Build.0 = Debug|Any CPU
		{A4C73C64-7777-4135-8FD0-08E6088D5FC1}.Release|Any CPU.ActiveCfg = Release|Any CPU
		{A4C73C64-7777-4135-8FD0-08E6088D5FC1}.Release|Any CPU.Build.0 = Release|Any CPU
		{A4C73C64-7777-4135-8FD0-08E6088D5FC1}.Release|x64.ActiveCfg = Release|Any CPU
		{A4C73C64-7777-4135-8FD0-08E6088D5FC1}.Release|x64.Build.0 = Release|Any CPU
		{A4C73C64-7777-4135-8FD0-08E6088D5FC1}.Release|x86.ActiveCfg = Release|Any CPU
		{A4C73C64-7777-4135-8FD0-08E6088D5FC1}.Release|x86.Build.0 = Release|Any CPU
		{B7410E72-DC47-4902-857B-9E7F18591B6D}.Debug|Any CPU.ActiveCfg = Debug|Any CPU
		{B7410E72-DC47-4902-857B-9E7F18591B6D}.Debug|Any CPU.Build.0 = Debug|Any CPU
		{B7410E72-DC47-4902-857B-9E7F18591B6D}.Debug|x64.ActiveCfg = Debug|Any CPU
		{B7410E72-DC47-4902-857B-9E7F18591B6D}.Debug|x64.Build.0 = Debug|Any CPU
		{B7410E72-DC47-4902-857B-9E7F18591B6D}.Debug|x86.ActiveCfg = Debug|Any CPU
		{B7410E72-DC47-4902-857B-9E7F18591B6D}.Debug|x86.Build.0 = Debug|Any CPU
		{B7410E72-DC47-4902-857B-9E7F18591B6D}.Release|Any CPU.ActiveCfg = Release|Any CPU
		{B7410E72-DC47-4902-857B-9E7F18591B6D}.Release|Any CPU.Build.0 = Release|Any CPU
		{B7410E72-DC47-4902-857B-9E7F18591B6D}.Release|x64.ActiveCfg = Release|Any CPU
		{B7410E72-DC47-4902-857B-9E7F18591B6D}.Release|x64.Build.0 = Release|Any CPU
		{B7410E72-DC47-4902-857B-9E7F18591B6D}.Release|x86.ActiveCfg = Release|Any CPU
		{B7410E72-DC47-4902-857B-9E7F18591B6D}.Release|x86.Build.0 = Release|Any CPU
		{FE2F2C00-09D7-4A4D-A196-3F1F8524C110}.Debug|Any CPU.ActiveCfg = Debug|Any CPU
		{FE2F2C00-09D7-4A4D-A196-3F1F8524C110}.Debug|Any CPU.Build.0 = Debug|Any CPU
		{FE2F2C00-09D7-4A4D-A196-3F1F8524C110}.Debug|x64.ActiveCfg = Debug|Any CPU
		{FE2F2C00-09D7-4A4D-A196-3F1F8524C110}.Debug|x64.Build.0 = Debug|Any CPU
		{FE2F2C00-09D7-4A4D-A196-3F1F8524C110}.Debug|x86.ActiveCfg = Debug|Any CPU
		{FE2F2C00-09D7-4A4D-A196-3F1F8524C110}.Debug|x86.Build.0 = Debug|Any CPU
		{FE2F2C00-09D7-4A4D-A196-3F1F8524C110}.Release|Any CPU.ActiveCfg = Release|Any CPU
		{FE2F2C00-09D7-4A4D-A196-3F1F8524C110}.Release|Any CPU.Build.0 = Release|Any CPU
		{FE2F2C00-09D7-4A4D-A196-3F1F8524C110}.Release|x64.ActiveCfg = Release|Any CPU
		{FE2F2C00-09D7-4A4D-A196-3F1F8524C110}.Release|x64.Build.0 = Release|Any CPU
		{FE2F2C00-09D7-4A4D-A196-3F1F8524C110}.Release|x86.ActiveCfg = Release|Any CPU
		{FE2F2C00-09D7-4A4D-A196-3F1F8524C110}.Release|x86.Build.0 = Release|Any CPU
		{BB3AAE25-D132-412A-9003-B81455A9454D}.Debug|Any CPU.ActiveCfg = Debug|Any CPU
		{BB3AAE25-D132-412A-9003-B81455A9454D}.Debug|Any CPU.Build.0 = Debug|Any CPU
		{BB3AAE25-D132-412A-9003-B81455A9454D}.Debug|x64.ActiveCfg = Debug|Any CPU
		{BB3AAE25-D132-412A-9003-B81455A9454D}.Debug|x64.Build.0 = Debug|Any CPU
		{BB3AAE25-D132-412A-9003-B81455A9454D}.Debug|x86.ActiveCfg = Debug|Any CPU
		{BB3AAE25-D132-412A-9003-B81455A9454D}.Debug|x86.Build.0 = Debug|Any CPU
		{BB3AAE25-D132-412A-9003-B81455A9454D}.Release|Any CPU.ActiveCfg = Release|Any CPU
		{BB3AAE25-D132-412A-9003-B81455A9454D}.Release|Any CPU.Build.0 = Release|Any CPU
		{BB3AAE25-D132-412A-9003-B81455A9454D}.Release|x64.ActiveCfg = Release|Any CPU
		{BB3AAE25-D132-412A-9003-B81455A9454D}.Release|x64.Build.0 = Release|Any CPU
		{BB3AAE25-D132-412A-9003-B81455A9454D}.Release|x86.ActiveCfg = Release|Any CPU
		{BB3AAE25-D132-412A-9003-B81455A9454D}.Release|x86.Build.0 = Release|Any CPU
		{4C1A60DD-6B00-41F1-8980-019582E0468B}.Debug|Any CPU.ActiveCfg = Debug|Any CPU
		{4C1A60DD-6B00-41F1-8980-019582E0468B}.Debug|Any CPU.Build.0 = Debug|Any CPU
		{4C1A60DD-6B00-41F1-8980-019582E0468B}.Debug|x64.ActiveCfg = Debug|Any CPU
		{4C1A60DD-6B00-41F1-8980-019582E0468B}.Debug|x64.Build.0 = Debug|Any CPU
		{4C1A60DD-6B00-41F1-8980-019582E0468B}.Debug|x86.ActiveCfg = Debug|Any CPU
		{4C1A60DD-6B00-41F1-8980-019582E0468B}.Debug|x86.Build.0 = Debug|Any CPU
		{4C1A60DD-6B00-41F1-8980-019582E0468B}.Release|Any CPU.ActiveCfg = Release|Any CPU
		{4C1A60DD-6B00-41F1-8980-019582E0468B}.Release|Any CPU.Build.0 = Release|Any CPU
		{4C1A60DD-6B00-41F1-8980-019582E0468B}.Release|x64.ActiveCfg = Release|Any CPU
		{4C1A60DD-6B00-41F1-8980-019582E0468B}.Release|x64.Build.0 = Release|Any CPU
		{4C1A60DD-6B00-41F1-8980-019582E0468B}.Release|x86.ActiveCfg = Release|Any CPU
		{4C1A60DD-6B00-41F1-8980-019582E0468B}.Release|x86.Build.0 = Release|Any CPU
		{7811B30F-9A82-46BD-9154-831D249584D4}.Debug|Any CPU.ActiveCfg = Debug|Any CPU
		{7811B30F-9A82-46BD-9154-831D249584D4}.Debug|Any CPU.Build.0 = Debug|Any CPU
		{7811B30F-9A82-46BD-9154-831D249584D4}.Debug|x64.ActiveCfg = Debug|Any CPU
		{7811B30F-9A82-46BD-9154-831D249584D4}.Debug|x64.Build.0 = Debug|Any CPU
		{7811B30F-9A82-46BD-9154-831D249584D4}.Debug|x86.ActiveCfg = Debug|Any CPU
		{7811B30F-9A82-46BD-9154-831D249584D4}.Debug|x86.Build.0 = Debug|Any CPU
		{7811B30F-9A82-46BD-9154-831D249584D4}.Release|Any CPU.ActiveCfg = Release|Any CPU
		{7811B30F-9A82-46BD-9154-831D249584D4}.Release|Any CPU.Build.0 = Release|Any CPU
		{7811B30F-9A82-46BD-9154-831D249584D4}.Release|x64.ActiveCfg = Release|Any CPU
		{7811B30F-9A82-46BD-9154-831D249584D4}.Release|x64.Build.0 = Release|Any CPU
		{7811B30F-9A82-46BD-9154-831D249584D4}.Release|x86.ActiveCfg = Release|Any CPU
		{7811B30F-9A82-46BD-9154-831D249584D4}.Release|x86.Build.0 = Release|Any CPU
		{AF19916E-E07A-A0AD-3A7A-51A484BCB005}.Debug|Any CPU.ActiveCfg = Debug|Any CPU
		{AF19916E-E07A-A0AD-3A7A-51A484BCB005}.Debug|Any CPU.Build.0 = Debug|Any CPU
		{AF19916E-E07A-A0AD-3A7A-51A484BCB005}.Debug|x64.ActiveCfg = Debug|Any CPU
		{AF19916E-E07A-A0AD-3A7A-51A484BCB005}.Debug|x64.Build.0 = Debug|Any CPU
		{AF19916E-E07A-A0AD-3A7A-51A484BCB005}.Debug|x86.ActiveCfg = Debug|Any CPU
		{AF19916E-E07A-A0AD-3A7A-51A484BCB005}.Debug|x86.Build.0 = Debug|Any CPU
		{AF19916E-E07A-A0AD-3A7A-51A484BCB005}.Release|Any CPU.ActiveCfg = Release|Any CPU
		{AF19916E-E07A-A0AD-3A7A-51A484BCB005}.Release|Any CPU.Build.0 = Release|Any CPU
		{AF19916E-E07A-A0AD-3A7A-51A484BCB005}.Release|x64.ActiveCfg = Release|Any CPU
		{AF19916E-E07A-A0AD-3A7A-51A484BCB005}.Release|x64.Build.0 = Release|Any CPU
		{AF19916E-E07A-A0AD-3A7A-51A484BCB005}.Release|x86.ActiveCfg = Release|Any CPU
		{AF19916E-E07A-A0AD-3A7A-51A484BCB005}.Release|x86.Build.0 = Release|Any CPU
		{F05FB187-F1F7-56C3-C91B-1357EAE236F9}.Debug|Any CPU.ActiveCfg = Debug|Any CPU
		{F05FB187-F1F7-56C3-C91B-1357EAE236F9}.Debug|Any CPU.Build.0 = Debug|Any CPU
		{F05FB187-F1F7-56C3-C91B-1357EAE236F9}.Debug|x64.ActiveCfg = Debug|Any CPU
		{F05FB187-F1F7-56C3-C91B-1357EAE236F9}.Debug|x64.Build.0 = Debug|Any CPU
		{F05FB187-F1F7-56C3-C91B-1357EAE236F9}.Debug|x86.ActiveCfg = Debug|Any CPU
		{F05FB187-F1F7-56C3-C91B-1357EAE236F9}.Debug|x86.Build.0 = Debug|Any CPU
		{F05FB187-F1F7-56C3-C91B-1357EAE236F9}.Release|Any CPU.ActiveCfg = Release|Any CPU
		{F05FB187-F1F7-56C3-C91B-1357EAE236F9}.Release|Any CPU.Build.0 = Release|Any CPU
		{F05FB187-F1F7-56C3-C91B-1357EAE236F9}.Release|x64.ActiveCfg = Release|Any CPU
		{F05FB187-F1F7-56C3-C91B-1357EAE236F9}.Release|x64.Build.0 = Release|Any CPU
		{F05FB187-F1F7-56C3-C91B-1357EAE236F9}.Release|x86.ActiveCfg = Release|Any CPU
		{F05FB187-F1F7-56C3-C91B-1357EAE236F9}.Release|x86.Build.0 = Release|Any CPU
	EndGlobalSection
	GlobalSection(SolutionProperties) = preSolution
		HideSolutionNode = FALSE
	EndGlobalSection
	GlobalSection(NestedProjects) = preSolution
		{92F291B8-4BDB-45CC-9CEE-1BFE547CB051} = {827E0CD3-B72D-47B6-A68D-7590B98EB39B}
		{D844F26D-A341-4CFA-891E-B9F26C69EA7B} = {827E0CD3-B72D-47B6-A68D-7590B98EB39B}
		{C5CF9553-3370-4E34-9A14-780DE3240741} = {827E0CD3-B72D-47B6-A68D-7590B98EB39B}
		{33AF88F2-AB58-4BD0-865D-9B082152C7C9} = {827E0CD3-B72D-47B6-A68D-7590B98EB39B}
		{B884B297-1B17-45A3-9BA3-5362D1BF9816} = {827E0CD3-B72D-47B6-A68D-7590B98EB39B}
		{A4C73C64-7777-4135-8FD0-08E6088D5FC1} = {827E0CD3-B72D-47B6-A68D-7590B98EB39B}
		{B7410E72-DC47-4902-857B-9E7F18591B6D} = {0AB3BF05-4346-4AA6-1389-037BE0695223}
		{FE2F2C00-09D7-4A4D-A196-3F1F8524C110} = {0AB3BF05-4346-4AA6-1389-037BE0695223}
		{BB3AAE25-D132-412A-9003-B81455A9454D} = {0AB3BF05-4346-4AA6-1389-037BE0695223}
		{4C1A60DD-6B00-41F1-8980-019582E0468B} = {0AB3BF05-4346-4AA6-1389-037BE0695223}
		{7811B30F-9A82-46BD-9154-831D249584D4} = {0AB3BF05-4346-4AA6-1389-037BE0695223}
	EndGlobalSection
EndGlobal
