
Microsoft Visual Studio Solution File, Format Version 12.00
# Visual Studio Version 17
VisualStudioVersion = 17.0.31903.59
MinimumVisualStudioVersion = 10.0.40219.1
Project("{2150E333-8FDC-42A3-9474-1A3956D46DE8}") = "Src", "Src", "{827E0CD3-B72D-47B6-A68D-7590B98EB39B}"
EndProject
Project("{FAE04EC0-301F-11D3-BF4B-00C04F79EFBC}") = "Zentient.Endpoints", "Src\Zentient.Endpoints\Zentient.Endpoints.csproj", "{410C7B94-16DF-4D28-A379-D8B50E869869}"
EndProject
Project("{FAE04EC0-301F-11D3-BF4B-00C04F79EFBC}") = "Zentient.Endpoints.Analyzers", "Src\Zentient.Endpoints.Analyzers\Zentient.Endpoints.Analyzers.csproj", "{D5970865-FD77-45E4-AD8E-1B8BD474AC3A}"
EndProject
Project("{FAE04EC0-301F-11D3-BF4B-00C04F79EFBC}") = "Zentient.Endpoints.Grpc", "Src\Zentient.Endpoints.Grpc\Zentient.Endpoints.Grpc.csproj", "{1C469F48-F42A-4F99-A84D-F08CF5B439CE}"
EndProject
Project("{FAE04EC0-301F-11D3-BF4B-00C04F79EFBC}") = "Zentient.Endpoints.Http", "Src\Zentient.Endpoints.Http\Zentient.Endpoints.Http.csproj", "{D2175470-69A1-40AB-BAD0-66F8C4FF2CC2}"
EndProject
Project("{FAE04EC0-301F-11D3-BF4B-00C04F79EFBC}") = "Zentient.Endpoints.Messaging", "Src\Zentient.Endpoints.Messaging\Zentient.Endpoints.Messaging.csproj", "{0B4ED0AA-7F95-4F42-A79A-294932AB23A2}"
EndProject
Project("{FAE04EC0-301F-11D3-BF4B-00C04F79EFBC}") = "Zentient.Endpoints.Tests.Shared", "Src\Zentient.Endpoints.Tests.Shared\Zentient.Endpoints.Tests.Shared.csproj", "{5AC5A3CF-912D-4278-A7F2-AD603BE3BCC3}"
EndProject
Project("{2150E333-8FDC-42A3-9474-1A3956D46DE8}") = "Tests", "Tests", "{0AB3BF05-4346-4AA6-1389-037BE0695223}"
EndProject
Project("{FAE04EC0-301F-11D3-BF4B-00C04F79EFBC}") = "Zentient.Endpoints.Analyzers.Tests", "Tests\Zentient.Endpoints.Analyzers.Tests\Zentient.Endpoints.Analyzers.Tests.csproj", "{51E80844-1301-4115-8A60-8A7DC4E52E26}"
EndProject
Project("{FAE04EC0-301F-11D3-BF4B-00C04F79EFBC}") = "Zentient.Endpoints.Grpc.Tests", "Tests\Zentient.Endpoints.Grpc.Tests\Zentient.Endpoints.Grpc.Tests.csproj", "{C792CBA9-9E21-4AA1-827B-CD5DC9E92B39}"
EndProject
Project("{FAE04EC0-301F-11D3-BF4B-00C04F79EFBC}") = "Zentient.Endpoints.Http.Tests", "Tests\Zentient.Endpoints.Http.Tests\Zentient.Endpoints.Http.Tests.csproj", "{1E85EA0C-91F8-4472-AEB6-A9A2682E956F}"
EndProject
Project("{FAE04EC0-301F-11D3-BF4B-00C04F79EFBC}") = "Zentient.Endpoints.Messaging.Tests", "Tests\Zentient.Endpoints.Messaging.Tests\Zentient.Endpoints.Messaging.Tests.csproj", "{306E1632-25AA-4FBA-8BDA-E81C0A39F08A}"
EndProject
Project("{FAE04EC0-301F-11D3-BF4B-00C04F79EFBC}") = "Zentient.Endpoints.Tests", "Tests\Zentient.Endpoints.Tests\Zentient.Endpoints.Tests.csproj", "{A159D922-71B0-49AD-B02F-12A15C2AF240}"
EndProject
Global
	GlobalSection(SolutionConfigurationPlatforms) = preSolution
		Debug|Any CPU = Debug|Any CPU
		Debug|x64 = Debug|x64
		Debug|x86 = Debug|x86
		Release|Any CPU = Release|Any CPU
		Release|x64 = Release|x64
		Release|x86 = Release|x86
	EndGlobalSection
	GlobalSection(ProjectConfigurationPlatforms) = postSolution
		{410C7B94-16DF-4D28-A379-D8B50E869869}.Debug|Any CPU.ActiveCfg = Debug|Any CPU
		{410C7B94-16DF-4D28-A379-D8B50E869869}.Debug|Any CPU.Build.0 = Debug|Any CPU
		{410C7B94-16DF-4D28-A379-D8B50E869869}.Debug|x64.ActiveCfg = Debug|Any CPU
		{410C7B94-16DF-4D28-A379-D8B50E869869}.Debug|x64.Build.0 = Debug|Any CPU
		{410C7B94-16DF-4D28-A379-D8B50E869869}.Debug|x86.ActiveCfg = Debug|Any CPU
		{410C7B94-16DF-4D28-A379-D8B50E869869}.Debug|x86.Build.0 = Debug|Any CPU
		{410C7B94-16DF-4D28-A379-D8B50E869869}.Release|Any CPU.ActiveCfg = Release|Any CPU
		{410C7B94-16DF-4D28-A379-D8B50E869869}.Release|Any CPU.Build.0 = Release|Any CPU
		{410C7B94-16DF-4D28-A379-D8B50E869869}.Release|x64.ActiveCfg = Release|Any CPU
		{410C7B94-16DF-4D28-A379-D8B50E869869}.Release|x64.Build.0 = Release|Any CPU
		{410C7B94-16DF-4D28-A379-D8B50E869869}.Release|x86.ActiveCfg = Release|Any CPU
		{410C7B94-16DF-4D28-A379-D8B50E869869}.Release|x86.Build.0 = Release|Any CPU
		{D5970865-FD77-45E4-AD8E-1B8BD474AC3A}.Debug|Any CPU.ActiveCfg = Debug|Any CPU
		{D5970865-FD77-45E4-AD8E-1B8BD474AC3A}.Debug|Any CPU.Build.0 = Debug|Any CPU
		{D5970865-FD77-45E4-AD8E-1B8BD474AC3A}.Debug|x64.ActiveCfg = Debug|Any CPU
		{D5970865-FD77-45E4-AD8E-1B8BD474AC3A}.Debug|x64.Build.0 = Debug|Any CPU
		{D5970865-FD77-45E4-AD8E-1B8BD474AC3A}.Debug|x86.ActiveCfg = Debug|Any CPU
		{D5970865-FD77-45E4-AD8E-1B8BD474AC3A}.Debug|x86.Build.0 = Debug|Any CPU
		{D5970865-FD77-45E4-AD8E-1B8BD474AC3A}.Release|Any CPU.ActiveCfg = Release|Any CPU
		{D5970865-FD77-45E4-AD8E-1B8BD474AC3A}.Release|Any CPU.Build.0 = Release|Any CPU
		{D5970865-FD77-45E4-AD8E-1B8BD474AC3A}.Release|x64.ActiveCfg = Release|Any CPU
		{D5970865-FD77-45E4-AD8E-1B8BD474AC3A}.Release|x64.Build.0 = Release|Any CPU
		{D5970865-FD77-45E4-AD8E-1B8BD474AC3A}.Release|x86.ActiveCfg = Release|Any CPU
		{D5970865-FD77-45E4-AD8E-1B8BD474AC3A}.Release|x86.Build.0 = Release|Any CPU
		{1C469F48-F42A-4F99-A84D-F08CF5B439CE}.Debug|Any CPU.ActiveCfg = Debug|Any CPU
		{1C469F48-F42A-4F99-A84D-F08CF5B439CE}.Debug|Any CPU.Build.0 = Debug|Any CPU
		{1C469F48-F42A-4F99-A84D-F08CF5B439CE}.Debug|x64.ActiveCfg = Debug|Any CPU
		{1C469F48-F42A-4F99-A84D-F08CF5B439CE}.Debug|x64.Build.0 = Debug|Any CPU
		{1C469F48-F42A-4F99-A84D-F08CF5B439CE}.Debug|x86.ActiveCfg = Debug|Any CPU
		{1C469F48-F42A-4F99-A84D-F08CF5B439CE}.Debug|x86.Build.0 = Debug|Any CPU
		{1C469F48-F42A-4F99-A84D-F08CF5B439CE}.Release|Any CPU.ActiveCfg = Release|Any CPU
		{1C469F48-F42A-4F99-A84D-F08CF5B439CE}.Release|Any CPU.Build.0 = Release|Any CPU
		{1C469F48-F42A-4F99-A84D-F08CF5B439CE}.Release|x64.ActiveCfg = Release|Any CPU
		{1C469F48-F42A-4F99-A84D-F08CF5B439CE}.Release|x64.Build.0 = Release|Any CPU
		{1C469F48-F42A-4F99-A84D-F08CF5B439CE}.Release|x86.ActiveCfg = Release|Any CPU
		{1C469F48-F42A-4F99-A84D-F08CF5B439CE}.Release|x86.Build.0 = Release|Any CPU
		{D2175470-69A1-40AB-BAD0-66F8C4FF2CC2}.Debug|Any CPU.ActiveCfg = Debug|Any CPU
		{D2175470-69A1-40AB-BAD0-66F8C4FF2CC2}.Debug|Any CPU.Build.0 = Debug|Any CPU
		{D2175470-69A1-40AB-BAD0-66F8C4FF2CC2}.Debug|x64.ActiveCfg = Debug|Any CPU
		{D2175470-69A1-40AB-BAD0-66F8C4FF2CC2}.Debug|x64.Build.0 = Debug|Any CPU
		{D2175470-69A1-40AB-BAD0-66F8C4FF2CC2}.Debug|x86.ActiveCfg = Debug|Any CPU
		{D2175470-69A1-40AB-BAD0-66F8C4FF2CC2}.Debug|x86.Build.0 = Debug|Any CPU
		{D2175470-69A1-40AB-BAD0-66F8C4FF2CC2}.Release|Any CPU.ActiveCfg = Release|Any CPU
		{D2175470-69A1-40AB-BAD0-66F8C4FF2CC2}.Release|Any CPU.Build.0 = Release|Any CPU
		{D2175470-69A1-40AB-BAD0-66F8C4FF2CC2}.Release|x64.ActiveCfg = Release|Any CPU
		{D2175470-69A1-40AB-BAD0-66F8C4FF2CC2}.Release|x64.Build.0 = Release|Any CPU
		{D2175470-69A1-40AB-BAD0-66F8C4FF2CC2}.Release|x86.ActiveCfg = Release|Any CPU
		{D2175470-69A1-40AB-BAD0-66F8C4FF2CC2}.Release|x86.Build.0 = Release|Any CPU
		{0B4ED0AA-7F95-4F42-A79A-294932AB23A2}.Debug|Any CPU.ActiveCfg = Debug|Any CPU
		{0B4ED0AA-7F95-4F42-A79A-294932AB23A2}.Debug|Any CPU.Build.0 = Debug|Any CPU
		{0B4ED0AA-7F95-4F42-A79A-294932AB23A2}.Debug|x64.ActiveCfg = Debug|Any CPU
		{0B4ED0AA-7F95-4F42-A79A-294932AB23A2}.Debug|x64.Build.0 = Debug|Any CPU
		{0B4ED0AA-7F95-4F42-A79A-294932AB23A2}.Debug|x86.ActiveCfg = Debug|Any CPU
		{0B4ED0AA-7F95-4F42-A79A-294932AB23A2}.Debug|x86.Build.0 = Debug|Any CPU
		{0B4ED0AA-7F95-4F42-A79A-294932AB23A2}.Release|Any CPU.ActiveCfg = Release|Any CPU
		{0B4ED0AA-7F95-4F42-A79A-294932AB23A2}.Release|Any CPU.Build.0 = Release|Any CPU
		{0B4ED0AA-7F95-4F42-A79A-294932AB23A2}.Release|x64.ActiveCfg = Release|Any CPU
		{0B4ED0AA-7F95-4F42-A79A-294932AB23A2}.Release|x64.Build.0 = Release|Any CPU
		{0B4ED0AA-7F95-4F42-A79A-294932AB23A2}.Release|x86.ActiveCfg = Release|Any CPU
		{0B4ED0AA-7F95-4F42-A79A-294932AB23A2}.Release|x86.Build.0 = Release|Any CPU
		{5AC5A3CF-912D-4278-A7F2-AD603BE3BCC3}.Debug|Any CPU.ActiveCfg = Debug|Any CPU
		{5AC5A3CF-912D-4278-A7F2-AD603BE3BCC3}.Debug|Any CPU.Build.0 = Debug|Any CPU
		{5AC5A3CF-912D-4278-A7F2-AD603BE3BCC3}.Debug|x64.ActiveCfg = Debug|Any CPU
		{5AC5A3CF-912D-4278-A7F2-AD603BE3BCC3}.Debug|x64.Build.0 = Debug|Any CPU
		{5AC5A3CF-912D-4278-A7F2-AD603BE3BCC3}.Debug|x86.ActiveCfg = Debug|Any CPU
		{5AC5A3CF-912D-4278-A7F2-AD603BE3BCC3}.Debug|x86.Build.0 = Debug|Any CPU
		{5AC5A3CF-912D-4278-A7F2-AD603BE3BCC3}.Release|Any CPU.ActiveCfg = Release|Any CPU
		{5AC5A3CF-912D-4278-A7F2-AD603BE3BCC3}.Release|Any CPU.Build.0 = Release|Any CPU
		{5AC5A3CF-912D-4278-A7F2-AD603BE3BCC3}.Release|x64.ActiveCfg = Release|Any CPU
		{5AC5A3CF-912D-4278-A7F2-AD603BE3BCC3}.Release|x64.Build.0 = Release|Any CPU
		{5AC5A3CF-912D-4278-A7F2-AD603BE3BCC3}.Release|x86.ActiveCfg = Release|Any CPU
		{5AC5A3CF-912D-4278-A7F2-AD603BE3BCC3}.Release|x86.Build.0 = Release|Any CPU
		{51E80844-1301-4115-8A60-8A7DC4E52E26}.Debug|Any CPU.ActiveCfg = Debug|Any CPU
		{51E80844-1301-4115-8A60-8A7DC4E52E26}.Debug|Any CPU.Build.0 = Debug|Any CPU
		{51E80844-1301-4115-8A60-8A7DC4E52E26}.Debug|x64.ActiveCfg = Debug|Any CPU
		{51E80844-1301-4115-8A60-8A7DC4E52E26}.Debug|x64.Build.0 = Debug|Any CPU
		{51E80844-1301-4115-8A60-8A7DC4E52E26}.Debug|x86.ActiveCfg = Debug|Any CPU
		{51E80844-1301-4115-8A60-8A7DC4E52E26}.Debug|x86.Build.0 = Debug|Any CPU
		{51E80844-1301-4115-8A60-8A7DC4E52E26}.Release|Any CPU.ActiveCfg = Release|Any CPU
		{51E80844-1301-4115-8A60-8A7DC4E52E26}.Release|Any CPU.Build.0 = Release|Any CPU
		{51E80844-1301-4115-8A60-8A7DC4E52E26}.Release|x64.ActiveCfg = Release|Any CPU
		{51E80844-1301-4115-8A60-8A7DC4E52E26}.Release|x64.Build.0 = Release|Any CPU
		{51E80844-1301-4115-8A60-8A7DC4E52E26}.Release|x86.ActiveCfg = Release|Any CPU
		{51E80844-1301-4115-8A60-8A7DC4E52E26}.Release|x86.Build.0 = Release|Any CPU
		{C792CBA9-9E21-4AA1-827B-CD5DC9E92B39}.Debug|Any CPU.ActiveCfg = Debug|Any CPU
		{C792CBA9-9E21-4AA1-827B-CD5DC9E92B39}.Debug|Any CPU.Build.0 = Debug|Any CPU
		{C792CBA9-9E21-4AA1-827B-CD5DC9E92B39}.Debug|x64.ActiveCfg = Debug|Any CPU
		{C792CBA9-9E21-4AA1-827B-CD5DC9E92B39}.Debug|x64.Build.0 = Debug|Any CPU
		{C792CBA9-9E21-4AA1-827B-CD5DC9E92B39}.Debug|x86.ActiveCfg = Debug|Any CPU
		{C792CBA9-9E21-4AA1-827B-CD5DC9E92B39}.Debug|x86.Build.0 = Debug|Any CPU
		{C792CBA9-9E21-4AA1-827B-CD5DC9E92B39}.Release|Any CPU.ActiveCfg = Release|Any CPU
		{C792CBA9-9E21-4AA1-827B-CD5DC9E92B39}.Release|Any CPU.Build.0 = Release|Any CPU
		{C792CBA9-9E21-4AA1-827B-CD5DC9E92B39}.Release|x64.ActiveCfg = Release|Any CPU
		{C792CBA9-9E21-4AA1-827B-CD5DC9E92B39}.Release|x64.Build.0 = Release|Any CPU
		{C792CBA9-9E21-4AA1-827B-CD5DC9E92B39}.Release|x86.ActiveCfg = Release|Any CPU
		{C792CBA9-9E21-4AA1-827B-CD5DC9E92B39}.Release|x86.Build.0 = Release|Any CPU
		{1E85EA0C-91F8-4472-AEB6-A9A2682E956F}.Debug|Any CPU.ActiveCfg = Debug|Any CPU
		{1E85EA0C-91F8-4472-AEB6-A9A2682E956F}.Debug|Any CPU.Build.0 = Debug|Any CPU
		{1E85EA0C-91F8-4472-AEB6-A9A2682E956F}.Debug|x64.ActiveCfg = Debug|Any CPU
		{1E85EA0C-91F8-4472-AEB6-A9A2682E956F}.Debug|x64.Build.0 = Debug|Any CPU
		{1E85EA0C-91F8-4472-AEB6-A9A2682E956F}.Debug|x86.ActiveCfg = Debug|Any CPU
		{1E85EA0C-91F8-4472-AEB6-A9A2682E956F}.Debug|x86.Build.0 = Debug|Any CPU
		{1E85EA0C-91F8-4472-AEB6-A9A2682E956F}.Release|Any CPU.ActiveCfg = Release|Any CPU
		{1E85EA0C-91F8-4472-AEB6-A9A2682E956F}.Release|Any CPU.Build.0 = Release|Any CPU
		{1E85EA0C-91F8-4472-AEB6-A9A2682E956F}.Release|x64.ActiveCfg = Release|Any CPU
		{1E85EA0C-91F8-4472-AEB6-A9A2682E956F}.Release|x64.Build.0 = Release|Any CPU
		{1E85EA0C-91F8-4472-AEB6-A9A2682E956F}.Release|x86.ActiveCfg = Release|Any CPU
		{1E85EA0C-91F8-4472-AEB6-A9A2682E956F}.Release|x86.Build.0 = Release|Any CPU
		{306E1632-25AA-4FBA-8BDA-E81C0A39F08A}.Debug|Any CPU.ActiveCfg = Debug|Any CPU
		{306E1632-25AA-4FBA-8BDA-E81C0A39F08A}.Debug|Any CPU.Build.0 = Debug|Any CPU
		{306E1632-25AA-4FBA-8BDA-E81C0A39F08A}.Debug|x64.ActiveCfg = Debug|Any CPU
		{306E1632-25AA-4FBA-8BDA-E81C0A39F08A}.Debug|x64.Build.0 = Debug|Any CPU
		{306E1632-25AA-4FBA-8BDA-E81C0A39F08A}.Debug|x86.ActiveCfg = Debug|Any CPU
		{306E1632-25AA-4FBA-8BDA-E81C0A39F08A}.Debug|x86.Build.0 = Debug|Any CPU
		{306E1632-25AA-4FBA-8BDA-E81C0A39F08A}.Release|Any CPU.ActiveCfg = Release|Any CPU
		{306E1632-25AA-4FBA-8BDA-E81C0A39F08A}.Release|Any CPU.Build.0 = Release|Any CPU
		{306E1632-25AA-4FBA-8BDA-E81C0A39F08A}.Release|x64.ActiveCfg = Release|Any CPU
		{306E1632-25AA-4FBA-8BDA-E81C0A39F08A}.Release|x64.Build.0 = Release|Any CPU
		{306E1632-25AA-4FBA-8BDA-E81C0A39F08A}.Release|x86.ActiveCfg = Release|Any CPU
		{306E1632-25AA-4FBA-8BDA-E81C0A39F08A}.Release|x86.Build.0 = Release|Any CPU
		{A159D922-71B0-49AD-B02F-12A15C2AF240}.Debug|Any CPU.ActiveCfg = Debug|Any CPU
		{A159D922-71B0-49AD-B02F-12A15C2AF240}.Debug|Any CPU.Build.0 = Debug|Any CPU
		{A159D922-71B0-49AD-B02F-12A15C2AF240}.Debug|x64.ActiveCfg = Debug|Any CPU
		{A159D922-71B0-49AD-B02F-12A15C2AF240}.Debug|x64.Build.0 = Debug|Any CPU
		{A159D922-71B0-49AD-B02F-12A15C2AF240}.Debug|x86.ActiveCfg = Debug|Any CPU
		{A159D922-71B0-49AD-B02F-12A15C2AF240}.Debug|x86.Build.0 = Debug|Any CPU
		{A159D922-71B0-49AD-B02F-12A15C2AF240}.Release|Any CPU.ActiveCfg = Release|Any CPU
		{A159D922-71B0-49AD-B02F-12A15C2AF240}.Release|Any CPU.Build.0 = Release|Any CPU
		{A159D922-71B0-49AD-B02F-12A15C2AF240}.Release|x64.ActiveCfg = Release|Any CPU
		{A159D922-71B0-49AD-B02F-12A15C2AF240}.Release|x64.Build.0 = Release|Any CPU
		{A159D922-71B0-49AD-B02F-12A15C2AF240}.Release|x86.ActiveCfg = Release|Any CPU
		{A159D922-71B0-49AD-B02F-12A15C2AF240}.Release|x86.Build.0 = Release|Any CPU
	EndGlobalSection
	GlobalSection(SolutionProperties) = preSolution
		HideSolutionNode = FALSE
	EndGlobalSection
	GlobalSection(NestedProjects) = preSolution
		{410C7B94-16DF-4D28-A379-D8B50E869869} = {827E0CD3-B72D-47B6-A68D-7590B98EB39B}
		{D5970865-FD77-45E4-AD8E-1B8BD474AC3A} = {827E0CD3-B72D-47B6-A68D-7590B98EB39B}
		{1C469F48-F42A-4F99-A84D-F08CF5B439CE} = {827E0CD3-B72D-47B6-A68D-7590B98EB39B}
		{D2175470-69A1-40AB-BAD0-66F8C4FF2CC2} = {827E0CD3-B72D-47B6-A68D-7590B98EB39B}
		{0B4ED0AA-7F95-4F42-A79A-294932AB23A2} = {827E0CD3-B72D-47B6-A68D-7590B98EB39B}
		{5AC5A3CF-912D-4278-A7F2-AD603BE3BCC3} = {827E0CD3-B72D-47B6-A68D-7590B98EB39B}
		{51E80844-1301-4115-8A60-8A7DC4E52E26} = {0AB3BF05-4346-4AA6-1389-037BE0695223}
		{C792CBA9-9E21-4AA1-827B-CD5DC9E92B39} = {0AB3BF05-4346-4AA6-1389-037BE0695223}
		{1E85EA0C-91F8-4472-AEB6-A9A2682E956F} = {0AB3BF05-4346-4AA6-1389-037BE0695223}
		{306E1632-25AA-4FBA-8BDA-E81C0A39F08A} = {0AB3BF05-4346-4AA6-1389-037BE0695223}
		{A159D922-71B0-49AD-B02F-12A15C2AF240} = {0AB3BF05-4346-4AA6-1389-037BE0695223}
	EndGlobalSection
EndGlobal
