
Microsoft Visual Studio Solution File, Format Version 12.00
# Visual Studio Version 17
VisualStudioVersion = 17.0.31903.59
MinimumVisualStudioVersion = 10.0.40219.1
Project("{2150E333-8FDC-42A3-9474-1A3956D46DE8}") = ".github", ".github", "{02EA681E-C7D8-13C7-8484-4AC65E1B71E8}"
EndProject
Project("{2150E333-8FDC-42A3-9474-1A3956D46DE8}") = "workflows", "workflows", "{FB9E6AC7-6813-408E-AEE4-70B4BA8DFE47}"
	ProjectSection(SolutionItems) = preProject
		.github\workflows\docker.yml = .github\workflows\docker.yml
		.github\workflows\docs.yml = .github\workflows\docs.yml
		.github\workflows\release.yml = .github\workflows\release.yml
	EndProjectSection
EndProject
Project("{2150E333-8FDC-42A3-9474-1A3956D46DE8}") = "analyzers", "analyzers", "{C6124D39-43F4-4120-9E13-C6B95CD88A3D}"
	ProjectSection(SolutionItems) = preProject
		analyzers\Zentient.ruleset = analyzers\Zentient.ruleset
		analyzers\Zentient.Tests.ruleset = analyzers\Zentient.Tests.ruleset
	EndProjectSection
EndProject
Project("{2150E333-8FDC-42A3-9474-1A3956D46DE8}") = "Solution Items", "Solution Items", "{B622F0D4-75EB-4455-81D5-7BF796B121B7}"
	ProjectSection(SolutionItems) = preProject
		.editorconfig = .editorconfig
		.gitignore = .gitignore
		CHANGELOG.md = CHANGELOG.md
		CODE_OF_CONDUCT.md = CODE_OF_CONDUCT.md
		docfx.json = docfx.json
		favicon.png = favicon.png
		global.json = global.json
		LICENSE = LICENSE
		README.md = README.md
	EndProjectSection
EndProject
Project("{2150E333-8FDC-42A3-9474-1A3956D46DE8}") = "docs", "docs", "{3E11B713-44A2-4F7E-82F0-EB66892DB2E6}"
	ProjectSection(SolutionItems) = preProject
		docs\api-reference.md = docs\api-reference.md
		docs\implementation-roadmap.md = docs\implementation-roadmap.md
		docs\index.md = docs\index.md
		docs\README.md = docs\README.md
		docs\toc.yml = docs\toc.yml
	EndProjectSection
EndProject
Project("{2150E333-8FDC-42A3-9474-1A3956D46DE8}") = "architecture", "architecture", "{3742C4C2-7C13-44FC-ABF1-1D0C1183C0C7}"
	ProjectSection(SolutionItems) = preProject
		docs\architecture\caching-system.md = docs\architecture\caching-system.md
		docs\architecture\configuration-management.md = docs\architecture\configuration-management.md
		docs\architecture\cqrs-messaging.md = docs\architecture\cqrs-messaging.md
		docs\architecture\dependency-injection.md = docs\architecture\dependency-injection.md
		docs\architecture\README.md = docs\architecture\README.md
		docs\architecture\validation-framework.md = docs\architecture\validation-framework.md
	EndProjectSection
EndProject
Project("{2150E333-8FDC-42A3-9474-1A3956D46DE8}") = "concepts", "concepts", "{4BBC43EA-C4E5-4E74-97F8-2D1DBEE7388B}"
	ProjectSection(SolutionItems) = preProject
		docs\concepts\four-pillars.md = docs\concepts\four-pillars.md
		docs\concepts\philosophy.md = docs\concepts\philosophy.md
	EndProjectSection
EndProject
Project("{2150E333-8FDC-42A3-9474-1A3956D46DE8}") = "developer-experience", "developer-experience", "{CF31BAB4-A8E8-4C5B-B565-25CA11DC1FE0}"
	ProjectSection(SolutionItems) = preProject
		docs\developer-experience\debugging.md = docs\developer-experience\debugging.md
		docs\developer-experience\ide-integration.md = docs\developer-experience\ide-integration.md
	EndProjectSection
EndProject
Project("{2150E333-8FDC-42A3-9474-1A3956D46DE8}") = "guides", "guides", "{F67658DB-A2F6-4F8C-8E1D-2119FA9D89A0}"
	ProjectSection(SolutionItems) = preProject
		docs\guides\best-practices.md = docs\guides\best-practices.md
		docs\guides\getting-started.md = docs\guides\getting-started.md
		docs\guides\MIGRATION_GUIDE_2.x_to_3.0.md = docs\guides\MIGRATION_GUIDE_2.x_to_3.0.md
	EndProjectSection
EndProject
Project("{2150E333-8FDC-42A3-9474-1A3956D46DE8}") = "releases", "releases", "{97A9E666-EA49-4762-956D-993E65FBA3A2}"
	ProjectSection(SolutionItems) = preProject
		docs\releases\RELEASE_NOTES_3.0.1.md = docs\releases\RELEASE_NOTES_3.0.1.md
		docs\releases\RELEASE_NOTES_3.0.2.md = docs\releases\RELEASE_NOTES_3.0.2.md
		docs\releases\v3.0.1-release-notes.md = docs\releases\v3.0.1-release-notes.md
		docs\releases\v3.0.2-release-notes.md = docs\releases\v3.0.2-release-notes.md
	EndProjectSection
EndProject
Project("{2150E333-8FDC-42A3-9474-1A3956D46DE8}") = "src", "src", "{827E0CD3-B72D-47B6-A68D-7590B98EB39B}"
EndProject
Project("{FAE04EC0-301F-11D3-BF4B-00C04F79EFBC}") = "Zentient.Abstractions", "src\Zentient.Abstractions.csproj", "{0FB7B963-1033-4516-A198-B264B61C6960}"
EndProject
Global
	GlobalSection(SolutionConfigurationPlatforms) = preSolution
		Debug|Any CPU = Debug|Any CPU
		Debug|x64 = Debug|x64
		Debug|x86 = Debug|x86
		Release|Any CPU = Release|Any CPU
		Release|x64 = Release|x64
		Release|x86 = Release|x86
	EndGlobalSection
	GlobalSection(ProjectConfigurationPlatforms) = postSolution
		{0FB7B963-1033-4516-A198-B264B61C6960}.Debug|Any CPU.ActiveCfg = Debug|Any CPU
		{0FB7B963-1033-4516-A198-B264B61C6960}.Debug|Any CPU.Build.0 = Debug|Any CPU
		{0FB7B963-1033-4516-A198-B264B61C6960}.Debug|x64.ActiveCfg = Debug|Any CPU
		{0FB7B963-1033-4516-A198-B264B61C6960}.Debug|x64.Build.0 = Debug|Any CPU
		{0FB7B963-1033-4516-A198-B264B61C6960}.Debug|x86.ActiveCfg = Debug|Any CPU
		{0FB7B963-1033-4516-A198-B264B61C6960}.Debug|x86.Build.0 = Debug|Any CPU
		{0FB7B963-1033-4516-A198-B264B61C6960}.Release|Any CPU.ActiveCfg = Release|Any CPU
		{0FB7B963-1033-4516-A198-B264B61C6960}.Release|Any CPU.Build.0 = Release|Any CPU
		{0FB7B963-1033-4516-A198-B264B61C6960}.Release|x64.ActiveCfg = Release|Any CPU
		{0FB7B963-1033-4516-A198-B264B61C6960}.Release|x64.Build.0 = Release|Any CPU
		{0FB7B963-1033-4516-A198-B264B61C6960}.Release|x86.ActiveCfg = Release|Any CPU
		{0FB7B963-1033-4516-A198-B264B61C6960}.Release|x86.Build.0 = Release|Any CPU
	EndGlobalSection
	GlobalSection(SolutionProperties) = preSolution
		HideSolutionNode = FALSE
	EndGlobalSection
	GlobalSection(NestedProjects) = preSolution
		{FB9E6AC7-6813-408E-AEE4-70B4BA8DFE47} = {02EA681E-C7D8-13C7-8484-4AC65E1B71E8}
		{3742C4C2-7C13-44FC-ABF1-1D0C1183C0C7} = {3E11B713-44A2-4F7E-82F0-EB66892DB2E6}
		{4BBC43EA-C4E5-4E74-97F8-2D1DBEE7388B} = {3E11B713-44A2-4F7E-82F0-EB66892DB2E6}
		{CF31BAB4-A8E8-4C5B-B565-25CA11DC1FE0} = {3E11B713-44A2-4F7E-82F0-EB66892DB2E6}
		{F67658DB-A2F6-4F8C-8E1D-2119FA9D89A0} = {3E11B713-44A2-4F7E-82F0-EB66892DB2E6}
		{97A9E666-EA49-4762-956D-993E65FBA3A2} = {3E11B713-44A2-4F7E-82F0-EB66892DB2E6}
		{0FB7B963-1033-4516-A198-B264B61C6960} = {827E0CD3-B72D-47B6-A68D-7590B98EB39B}
	EndGlobalSection
	GlobalSection(ExtensibilityGlobals) = postSolution
		SolutionGuid = {414DBF63-2E69-41B9-8039-4B6A7A8F27B3}
	EndGlobalSection
EndGlobal
