
Microsoft Visual Studio Solution File, Format Version 12.00
# Visual Studio Version 17
VisualStudioVersion = 17.0.31903.59
MinimumVisualStudioVersion = 10.0.40219.1
Project("{2150E333-8FDC-42A3-9474-1A3956D46DE8}") = "Solution Items", "Solution Items", "{8EC462FD-D22E-90A8-E5CE-7E832BA40C5D}"
	ProjectSection(SolutionItems) = preProject
		CODE_OF_CONDUCT.md = CODE_OF_CONDUCT.md
		CONTRIBUTING.md = CONTRIBUTING.md
		LICENSE = LICENSE
		README.md = README.md
	EndProjectSection
EndProject
Project("{2150E333-8FDC-42A3-9474-1A3956D46DE8}") = "Docs", "Docs", "{208BA388-4CEE-2CBF-559C-5607C099C1F8}"
EndProject
Project("{FAE04EC0-301F-11D3-BF4B-00C04F79EFBC}") = "Zentient.Docs", "Docs\Zentient.Docs.csproj", "{0D0373A5-94B3-4AED-A059-125526597A80}"
EndProject
Project("{2150E333-8FDC-42A3-9474-1A3956D46DE8}") = "Samples", "Samples", "{5D20AA90-6969-D8BD-9DCD-8634F4692FDA}"
EndProject
Project("{2150E333-8FDC-42A3-9474-1A3956D46DE8}") = "UserServiceSample", "UserServiceSample", "{436A240C-1C3F-923C-17BC-6AB72F8AFAF4}"
EndProject
Project("{FAE04EC0-301F-11D3-BF4B-00C04F79EFBC}") = "Zentient.Results.Samples.UserServiceSample", "Samples\UserServiceSample\Zentient.Results.Samples.UserServiceSample.csproj", "{A2A31B5D-B17E-435B-9188-01D73CD22147}"
EndProject
Project("{2150E333-8FDC-42A3-9474-1A3956D46DE8}") = "src", "src", "{827E0CD3-B72D-47B6-A68D-7590B98EB39B}"
EndProject
Project("{2150E333-8FDC-42A3-9474-1A3956D46DE8}") = "AspNetCore", "AspNetCore", "{ED6807F8-77BA-3766-0FF0-3DABD1CE7DD6}"
EndProject
Project("{FAE04EC0-301F-11D3-BF4B-00C04F79EFBC}") = "Zentient.Results.AspNetCore", "src\AspNetCore\Zentient.Results.AspNetCore.csproj", "{012F6FDD-BD47-4B2E-BEFC-AE843117DAD1}"
EndProject
Project("{2150E333-8FDC-42A3-9474-1A3956D46DE8}") = "Results", "Results", "{360BD8D3-A043-13ED-C69B-A7A740738864}"
EndProject
Project("{FAE04EC0-301F-11D3-BF4B-00C04F79EFBC}") = "Zentient.Results", "src\Results\Zentient.Results.csproj", "{40518B39-9AD1-48CA-A6BE-C833C7D27913}"
EndProject
Project("{2150E333-8FDC-42A3-9474-1A3956D46DE8}") = "Utilities", "Utilities", "{AB08B9A8-5735-C00D-10FA-B1C840F3028B}"
EndProject
Project("{FAE04EC0-301F-11D3-BF4B-00C04F79EFBC}") = "Zentient.Utilities", "src\Utilities\Zentient.Utilities.csproj", "{48E4077E-9E0A-4C6D-AE59-93C0BB6B7250}"
EndProject
Project("{2150E333-8FDC-42A3-9474-1A3956D46DE8}") = "tests", "tests", "{0AB3BF05-4346-4AA6-1389-037BE0695223}"
EndProject
Project("{FAE04EC0-301F-11D3-BF4B-00C04F79EFBC}") = "Zentient.Results.Tests", "tests\Zentient.Results.Tests.csproj", "{20779278-8DCA-41E7-8D02-45329D20791D}"
EndProject
Global
	GlobalSection(SolutionConfigurationPlatforms) = preSolution
		Debug|Any CPU = Debug|Any CPU
		Debug|x64 = Debug|x64
		Debug|x86 = Debug|x86
		Release|Any CPU = Release|Any CPU
		Release|x64 = Release|x64
		Release|x86 = Release|x86
	EndGlobalSection
	GlobalSection(ProjectConfigurationPlatforms) = postSolution
		{0D0373A5-94B3-4AED-A059-125526597A80}.Debug|Any CPU.ActiveCfg = Debug|Any CPU
		{0D0373A5-94B3-4AED-A059-125526597A80}.Debug|Any CPU.Build.0 = Debug|Any CPU
		{0D0373A5-94B3-4AED-A059-125526597A80}.Debug|x64.ActiveCfg = Debug|Any CPU
		{0D0373A5-94B3-4AED-A059-125526597A80}.Debug|x64.Build.0 = Debug|Any CPU
		{0D0373A5-94B3-4AED-A059-125526597A80}.Debug|x86.ActiveCfg = Debug|Any CPU
		{0D0373A5-94B3-4AED-A059-125526597A80}.Debug|x86.Build.0 = Debug|Any CPU
		{0D0373A5-94B3-4AED-A059-125526597A80}.Release|Any CPU.ActiveCfg = Release|Any CPU
		{0D0373A5-94B3-4AED-A059-125526597A80}.Release|Any CPU.Build.0 = Release|Any CPU
		{0D0373A5-94B3-4AED-A059-125526597A80}.Release|x64.ActiveCfg = Release|Any CPU
		{0D0373A5-94B3-4AED-A059-125526597A80}.Release|x64.Build.0 = Release|Any CPU
		{0D0373A5-94B3-4AED-A059-125526597A80}.Release|x86.ActiveCfg = Release|Any CPU
		{0D0373A5-94B3-4AED-A059-125526597A80}.Release|x86.Build.0 = Release|Any CPU
		{A2A31B5D-B17E-435B-9188-01D73CD22147}.Debug|Any CPU.ActiveCfg = Debug|Any CPU
		{A2A31B5D-B17E-435B-9188-01D73CD22147}.Debug|Any CPU.Build.0 = Debug|Any CPU
		{A2A31B5D-B17E-435B-9188-01D73CD22147}.Debug|x64.ActiveCfg = Debug|Any CPU
		{A2A31B5D-B17E-435B-9188-01D73CD22147}.Debug|x64.Build.0 = Debug|Any CPU
		{A2A31B5D-B17E-435B-9188-01D73CD22147}.Debug|x86.ActiveCfg = Debug|Any CPU
		{A2A31B5D-B17E-435B-9188-01D73CD22147}.Debug|x86.Build.0 = Debug|Any CPU
		{A2A31B5D-B17E-435B-9188-01D73CD22147}.Release|Any CPU.ActiveCfg = Release|Any CPU
		{A2A31B5D-B17E-435B-9188-01D73CD22147}.Release|Any CPU.Build.0 = Release|Any CPU
		{A2A31B5D-B17E-435B-9188-01D73CD22147}.Release|x64.ActiveCfg = Release|Any CPU
		{A2A31B5D-B17E-435B-9188-01D73CD22147}.Release|x64.Build.0 = Release|Any CPU
		{A2A31B5D-B17E-435B-9188-01D73CD22147}.Release|x86.ActiveCfg = Release|Any CPU
		{A2A31B5D-B17E-435B-9188-01D73CD22147}.Release|x86.Build.0 = Release|Any CPU
		{012F6FDD-BD47-4B2E-BEFC-AE843117DAD1}.Debug|Any CPU.ActiveCfg = Debug|Any CPU
		{012F6FDD-BD47-4B2E-BEFC-AE843117DAD1}.Debug|Any CPU.Build.0 = Debug|Any CPU
		{012F6FDD-BD47-4B2E-BEFC-AE843117DAD1}.Debug|x64.ActiveCfg = Debug|Any CPU
		{012F6FDD-BD47-4B2E-BEFC-AE843117DAD1}.Debug|x64.Build.0 = Debug|Any CPU
		{012F6FDD-BD47-4B2E-BEFC-AE843117DAD1}.Debug|x86.ActiveCfg = Debug|Any CPU
		{012F6FDD-BD47-4B2E-BEFC-AE843117DAD1}.Debug|x86.Build.0 = Debug|Any CPU
		{012F6FDD-BD47-4B2E-BEFC-AE843117DAD1}.Release|Any CPU.ActiveCfg = Release|Any CPU
		{012F6FDD-BD47-4B2E-BEFC-AE843117DAD1}.Release|Any CPU.Build.0 = Release|Any CPU
		{012F6FDD-BD47-4B2E-BEFC-AE843117DAD1}.Release|x64.ActiveCfg = Release|Any CPU
		{012F6FDD-BD47-4B2E-BEFC-AE843117DAD1}.Release|x64.Build.0 = Release|Any CPU
		{012F6FDD-BD47-4B2E-BEFC-AE843117DAD1}.Release|x86.ActiveCfg = Release|Any CPU
		{012F6FDD-BD47-4B2E-BEFC-AE843117DAD1}.Release|x86.Build.0 = Release|Any CPU
		{40518B39-9AD1-48CA-A6BE-C833C7D27913}.Debug|Any CPU.ActiveCfg = Debug|Any CPU
		{40518B39-9AD1-48CA-A6BE-C833C7D27913}.Debug|Any CPU.Build.0 = Debug|Any CPU
		{40518B39-9AD1-48CA-A6BE-C833C7D27913}.Debug|x64.ActiveCfg = Debug|Any CPU
		{40518B39-9AD1-48CA-A6BE-C833C7D27913}.Debug|x64.Build.0 = Debug|Any CPU
		{40518B39-9AD1-48CA-A6BE-C833C7D27913}.Debug|x86.ActiveCfg = Debug|Any CPU
		{40518B39-9AD1-48CA-A6BE-C833C7D27913}.Debug|x86.Build.0 = Debug|Any CPU
		{40518B39-9AD1-48CA-A6BE-C833C7D27913}.Release|Any CPU.ActiveCfg = Release|Any CPU
		{40518B39-9AD1-48CA-A6BE-C833C7D27913}.Release|Any CPU.Build.0 = Release|Any CPU
		{40518B39-9AD1-48CA-A6BE-C833C7D27913}.Release|x64.ActiveCfg = Release|Any CPU
		{40518B39-9AD1-48CA-A6BE-C833C7D27913}.Release|x64.Build.0 = Release|Any CPU
		{40518B39-9AD1-48CA-A6BE-C833C7D27913}.Release|x86.ActiveCfg = Release|Any CPU
		{40518B39-9AD1-48CA-A6BE-C833C7D27913}.Release|x86.Build.0 = Release|Any CPU
		{48E4077E-9E0A-4C6D-AE59-93C0BB6B7250}.Debug|Any CPU.ActiveCfg = Debug|Any CPU
		{48E4077E-9E0A-4C6D-AE59-93C0BB6B7250}.Debug|Any CPU.Build.0 = Debug|Any CPU
		{48E4077E-9E0A-4C6D-AE59-93C0BB6B7250}.Debug|x64.ActiveCfg = Debug|Any CPU
		{48E4077E-9E0A-4C6D-AE59-93C0BB6B7250}.Debug|x64.Build.0 = Debug|Any CPU
		{48E4077E-9E0A-4C6D-AE59-93C0BB6B7250}.Debug|x86.ActiveCfg = Debug|Any CPU
		{48E4077E-9E0A-4C6D-AE59-93C0BB6B7250}.Debug|x86.Build.0 = Debug|Any CPU
		{48E4077E-9E0A-4C6D-AE59-93C0BB6B7250}.Release|Any CPU.ActiveCfg = Release|Any CPU
		{48E4077E-9E0A-4C6D-AE59-93C0BB6B7250}.Release|Any CPU.Build.0 = Release|Any CPU
		{48E4077E-9E0A-4C6D-AE59-93C0BB6B7250}.Release|x64.ActiveCfg = Release|Any CPU
		{48E4077E-9E0A-4C6D-AE59-93C0BB6B7250}.Release|x64.Build.0 = Release|Any CPU
		{48E4077E-9E0A-4C6D-AE59-93C0BB6B7250}.Release|x86.ActiveCfg = Release|Any CPU
		{48E4077E-9E0A-4C6D-AE59-93C0BB6B7250}.Release|x86.Build.0 = Release|Any CPU
		{20779278-8DCA-41E7-8D02-45329D20791D}.Debug|Any CPU.ActiveCfg = Debug|Any CPU
		{20779278-8DCA-41E7-8D02-45329D20791D}.Debug|Any CPU.Build.0 = Debug|Any CPU
		{20779278-8DCA-41E7-8D02-45329D20791D}.Debug|x64.ActiveCfg = Debug|Any CPU
		{20779278-8DCA-41E7-8D02-45329D20791D}.Debug|x64.Build.0 = Debug|Any CPU
		{20779278-8DCA-41E7-8D02-45329D20791D}.Debug|x86.ActiveCfg = Debug|Any CPU
		{20779278-8DCA-41E7-8D02-45329D20791D}.Debug|x86.Build.0 = Debug|Any CPU
		{20779278-8DCA-41E7-8D02-45329D20791D}.Release|Any CPU.ActiveCfg = Release|Any CPU
		{20779278-8DCA-41E7-8D02-45329D20791D}.Release|Any CPU.Build.0 = Release|Any CPU
		{20779278-8DCA-41E7-8D02-45329D20791D}.Release|x64.ActiveCfg = Release|Any CPU
		{20779278-8DCA-41E7-8D02-45329D20791D}.Release|x64.Build.0 = Release|Any CPU
		{20779278-8DCA-41E7-8D02-45329D20791D}.Release|x86.ActiveCfg = Release|Any CPU
		{20779278-8DCA-41E7-8D02-45329D20791D}.Release|x86.Build.0 = Release|Any CPU
	EndGlobalSection
	GlobalSection(SolutionProperties) = preSolution
		HideSolutionNode = FALSE
	EndGlobalSection
	GlobalSection(NestedProjects) = preSolution
		{0D0373A5-94B3-4AED-A059-125526597A80} = {208BA388-4CEE-2CBF-559C-5607C099C1F8}
		{436A240C-1C3F-923C-17BC-6AB72F8AFAF4} = {5D20AA90-6969-D8BD-9DCD-8634F4692FDA}
		{A2A31B5D-B17E-435B-9188-01D73CD22147} = {436A240C-1C3F-923C-17BC-6AB72F8AFAF4}
		{ED6807F8-77BA-3766-0FF0-3DABD1CE7DD6} = {827E0CD3-B72D-47B6-A68D-7590B98EB39B}
		{012F6FDD-BD47-4B2E-BEFC-AE843117DAD1} = {ED6807F8-77BA-3766-0FF0-3DABD1CE7DD6}
		{360BD8D3-A043-13ED-C69B-A7A740738864} = {827E0CD3-B72D-47B6-A68D-7590B98EB39B}
		{40518B39-9AD1-48CA-A6BE-C833C7D27913} = {360BD8D3-A043-13ED-C69B-A7A740738864}
		{AB08B9A8-5735-C00D-10FA-B1C840F3028B} = {827E0CD3-B72D-47B6-A68D-7590B98EB39B}
		{48E4077E-9E0A-4C6D-AE59-93C0BB6B7250} = {AB08B9A8-5735-C00D-10FA-B1C840F3028B}
		{20779278-8DCA-41E7-8D02-45329D20791D} = {0AB3BF05-4346-4AA6-1389-037BE0695223}
	EndGlobalSection
	GlobalSection(ExtensibilityGlobals) = postSolution
		SolutionGuid = {32A77443-821A-4103-9DAF-8DA8C1AED557}
	EndGlobalSection
EndGlobal
