
Microsoft Visual Studio Solution File, Format Version 12.00
# Visual Studio Version 17
VisualStudioVersion = 17.9.34728.123
MinimumVisualStudioVersion = 10.0.40219.1
Project("{9A19103F-16F7-4668-BE54-9A1E7A4F7556}") = "Zentient.Vectors", "Zentient.Vectors.csproj", "{83226C64-375F-44E5-97C5-516A504F685E}"
EndProject
Global
	GlobalSection(SolutionConfigurationPlatforms) = preSolution
		Debug|Any CPU = Debug|Any CPU
		Release|Any CPU = Release|Any CPU
	EndGlobalSection
	GlobalSection(ProjectConfigurationPlatforms) = postSolution
		{83226C64-375F-44E5-97C5-516A504F685E}.Debug|Any CPU.ActiveCfg = Debug|Any CPU
		{83226C64-375F-44E5-97C5-516A504F685E}.Debug|Any CPU.Build.0 = Debug|Any CPU
		{83226C64-375F-44E5-97C5-516A504F685E}.Release|Any CPU.ActiveCfg = Release|Any CPU
		{83226C64-375F-44E5-97C5-516A504F685E}.Release|Any CPU.Build.0 = Release|Any CPU
	EndGlobalSection
	GlobalSection(SolutionProperties) = preSolution
		HideSolutionNode = FALSE
	EndGlobalSection
	GlobalSection(ExtensibilityGlobals) = postSolution
		SolutionGuid = {921C70B1-71CF-4DE8-84F4-4D4BFEE88BC3}
	EndGlobalSection
EndGlobal
