
Microsoft Visual Studio Solution File, Format Version 12.00
# Visual Studio Version 17
VisualStudioVersion = 17.8.34330.188
MinimumVisualStudioVersion = 10.0.40219.1
Project("{2150E333-8FDC-42A3-9474-1A3956D46DE8}") = "Solution Items", "Solution Items", "{12345678-1234-5678-9ABC-DEF012345678}"
	ProjectSection(SolutionItems) = preProject
		.editorconfig = .editorconfig
		.gitignore = .gitignore
		CHANGELOG.md = CHANGELOG.md
		docfx.json = docfx.json
		global.json = global.json
		LICENSE = LICENSE
		README.md = README.md
		stryker-config.json = stryker-config.json
		Zentient.snk = Zentient.snk
	EndProjectSection
EndProject
Project("{2150E333-8FDC-42A3-9474-1A3956D46DE8}") = "Build", "Build", "{87654321-4321-8765-CBA9-210FEDCBA987}"
	ProjectSection(SolutionItems) = preProject
		Directory.Analyzer.props = Directory.Analyzer.props
		Directory.Analyzer.targets = Directory.Analyzer.targets
		Directory.Build.props = Directory.Build.props
		Directory.Build.targets = Directory.Build.targets
		Directory.Core.props = Directory.Core.props
		Directory.Core.targets = Directory.Core.targets
		Directory.Documentation.props = Directory.Documentation.props
		Directory.Documentation.targets = Directory.Documentation.targets
		Directory.Pack.props = Directory.Pack.props
		Directory.Pack.targets = Directory.Pack.targets
		Directory.Performance.props = Directory.Performance.props
		Directory.Performance.targets = Directory.Performance.targets
		Directory.Quality.props = Directory.Quality.props
		Directory.Quality.targets = Directory.Quality.targets
		Directory.Security.props = Directory.Security.props
		Directory.Security.targets = Directory.Security.targets
		Directory.Sign.props = Directory.Sign.props
		Directory.Sign.targets = Directory.Sign.targets
		Directory.Test.props = Directory.Test.props
		Directory.Test.targets = Directory.Test.targets
	EndProjectSection
EndProject
Project("{2150E333-8FDC-42A3-9474-1A3956D46DE8}") = "Documentation", "Documentation", "{ABCDEF12-3456-7890-ABCD-EF1234567890}"
	ProjectSection(SolutionItems) = preProject
		Microsoft 365 Copilot Guide.md = Microsoft 365 Copilot Guide.md
		docs\README.md = docs\README.md
	EndProjectSection
EndProject
Project("{2150E333-8FDC-42A3-9474-1A3956D46DE8}") = "analyzers", "analyzers", "{02EA681E-C7D8-13C7-8484-4AC65E1B71E8}"
	ProjectSection(SolutionItems) = preProject
		analyzers\ZentientTemplate.ruleset = analyzers\ZentientTemplate.ruleset
		analyzers\ZentientTemplate.Tests.ruleset = analyzers\ZentientTemplate.Tests.ruleset
	EndProjectSection
EndProject
Project("{2150E333-8FDC-42A3-9474-1A3956D46DE8}") = ".github", ".github", "{E22DF3B7-D053-40BD-B119-8EA9769C69B4}"
EndProject
Project("{2150E333-8FDC-42A3-9474-1A3956D46DE8}") = "workflows", "workflows", "{AE289ADD-CE77-4572-952A-9A89A31259AF}"
	ProjectSection(SolutionItems) = preProject
		.github\workflows\ci-cd.yml = .github\workflows\ci-cd.yml
	EndProjectSection
EndProject
Project("{2150E333-8FDC-42A3-9474-1A3956D46DE8}") = "src", "src", "{827E0CD3-B72D-47B6-A68D-7590B98EB39B}"
EndProject
Project("{FAE04EC0-301F-11D3-BF4B-00C04F79EFBC}") = "Zentient.Analyzers", "src\Zentient.Analyzers\Zentient.Analyzers.csproj", "{C82BBA5D-9ED5-4485-846F-B67FE1AEC949}"
EndProject
Project("{FAE04EC0-301F-11D3-BF4B-00C04F79EFBC}") = "Zentient.Analyzers.Core", "src\Zentient.Analyzers.Core\Zentient.Analyzers.Core.csproj", "{04778B73-F0EF-48EC-8BA7-1D4263CF07B3}"
EndProject
Project("{FAE04EC0-301F-11D3-BF4B-00C04F79EFBC}") = "Zentient.Analyzers.SourceGenerators", "src\Zentient.Analyzers.SourceGenerators\Zentient.Analyzers.SourceGenerators.csproj", "{F2EA2C9B-55D6-4036-A87F-FA8E20356B35}"
EndProject
Project("{FAE04EC0-301F-11D3-BF4B-00C04F79EFBC}") = "Zentient.Analyzers.Templates", "src\Zentient.Analyzers.Templates\Zentient.Analyzers.Templates.csproj", "{E093E262-6B1A-41D0-8276-B951AF154E8D}"
EndProject
Project("{FAE04EC0-301F-11D3-BF4B-00C04F79EFBC}") = "Zentient.Analyzers.Testing", "src\Zentient.Analyzers.Testing\Zentient.Analyzers.Testing.csproj", "{3997C720-1189-41D9-9ABA-8DB8A477B84C}"
EndProject
Project("{2150E333-8FDC-42A3-9474-1A3956D46DE8}") = "tests", "tests", "{0AB3BF05-4346-4AA6-1389-037BE0695223}"
EndProject
Global
	GlobalSection(SolutionConfigurationPlatforms) = preSolution
		Debug|Any CPU = Debug|Any CPU
		Debug|x64 = Debug|x64
		Debug|x86 = Debug|x86
		Release|Any CPU = Release|Any CPU
		Release|x64 = Release|x64
		Release|x86 = Release|x86
	EndGlobalSection
	GlobalSection(ProjectConfigurationPlatforms) = postSolution
		{C82BBA5D-9ED5-4485-846F-B67FE1AEC949}.Debug|Any CPU.ActiveCfg = Debug|Any CPU
		{C82BBA5D-9ED5-4485-846F-B67FE1AEC949}.Debug|Any CPU.Build.0 = Debug|Any CPU
		{C82BBA5D-9ED5-4485-846F-B67FE1AEC949}.Debug|x64.ActiveCfg = Debug|Any CPU
		{C82BBA5D-9ED5-4485-846F-B67FE1AEC949}.Debug|x64.Build.0 = Debug|Any CPU
		{C82BBA5D-9ED5-4485-846F-B67FE1AEC949}.Debug|x86.ActiveCfg = Debug|Any CPU
		{C82BBA5D-9ED5-4485-846F-B67FE1AEC949}.Debug|x86.Build.0 = Debug|Any CPU
		{C82BBA5D-9ED5-4485-846F-B67FE1AEC949}.Release|Any CPU.ActiveCfg = Release|Any CPU
		{C82BBA5D-9ED5-4485-846F-B67FE1AEC949}.Release|Any CPU.Build.0 = Release|Any CPU
		{C82BBA5D-9ED5-4485-846F-B67FE1AEC949}.Release|x64.ActiveCfg = Release|Any CPU
		{C82BBA5D-9ED5-4485-846F-B67FE1AEC949}.Release|x64.Build.0 = Release|Any CPU
		{C82BBA5D-9ED5-4485-846F-B67FE1AEC949}.Release|x86.ActiveCfg = Release|Any CPU
		{C82BBA5D-9ED5-4485-846F-B67FE1AEC949}.Release|x86.Build.0 = Release|Any CPU
		{04778B73-F0EF-48EC-8BA7-1D4263CF07B3}.Debug|Any CPU.ActiveCfg = Debug|Any CPU
		{04778B73-F0EF-48EC-8BA7-1D4263CF07B3}.Debug|Any CPU.Build.0 = Debug|Any CPU
		{04778B73-F0EF-48EC-8BA7-1D4263CF07B3}.Debug|x64.ActiveCfg = Debug|Any CPU
		{04778B73-F0EF-48EC-8BA7-1D4263CF07B3}.Debug|x64.Build.0 = Debug|Any CPU
		{04778B73-F0EF-48EC-8BA7-1D4263CF07B3}.Debug|x86.ActiveCfg = Debug|Any CPU
		{04778B73-F0EF-48EC-8BA7-1D4263CF07B3}.Debug|x86.Build.0 = Debug|Any CPU
		{04778B73-F0EF-48EC-8BA7-1D4263CF07B3}.Release|Any CPU.ActiveCfg = Release|Any CPU
		{04778B73-F0EF-48EC-8BA7-1D4263CF07B3}.Release|Any CPU.Build.0 = Release|Any CPU
		{04778B73-F0EF-48EC-8BA7-1D4263CF07B3}.Release|x64.ActiveCfg = Release|Any CPU
		{04778B73-F0EF-48EC-8BA7-1D4263CF07B3}.Release|x64.Build.0 = Release|Any CPU
		{04778B73-F0EF-48EC-8BA7-1D4263CF07B3}.Release|x86.ActiveCfg = Release|Any CPU
		{04778B73-F0EF-48EC-8BA7-1D4263CF07B3}.Release|x86.Build.0 = Release|Any CPU
		{F2EA2C9B-55D6-4036-A87F-FA8E20356B35}.Debug|Any CPU.ActiveCfg = Debug|Any CPU
		{F2EA2C9B-55D6-4036-A87F-FA8E20356B35}.Debug|Any CPU.Build.0 = Debug|Any CPU
		{F2EA2C9B-55D6-4036-A87F-FA8E20356B35}.Debug|x64.ActiveCfg = Debug|Any CPU
		{F2EA2C9B-55D6-4036-A87F-FA8E20356B35}.Debug|x64.Build.0 = Debug|Any CPU
		{F2EA2C9B-55D6-4036-A87F-FA8E20356B35}.Debug|x86.ActiveCfg = Debug|Any CPU
		{F2EA2C9B-55D6-4036-A87F-FA8E20356B35}.Debug|x86.Build.0 = Debug|Any CPU
		{F2EA2C9B-55D6-4036-A87F-FA8E20356B35}.Release|Any CPU.ActiveCfg = Release|Any CPU
		{F2EA2C9B-55D6-4036-A87F-FA8E20356B35}.Release|Any CPU.Build.0 = Release|Any CPU
		{F2EA2C9B-55D6-4036-A87F-FA8E20356B35}.Release|x64.ActiveCfg = Release|Any CPU
		{F2EA2C9B-55D6-4036-A87F-FA8E20356B35}.Release|x64.Build.0 = Release|Any CPU
		{F2EA2C9B-55D6-4036-A87F-FA8E20356B35}.Release|x86.ActiveCfg = Release|Any CPU
		{F2EA2C9B-55D6-4036-A87F-FA8E20356B35}.Release|x86.Build.0 = Release|Any CPU
		{E093E262-6B1A-41D0-8276-B951AF154E8D}.Debug|Any CPU.ActiveCfg = Debug|Any CPU
		{E093E262-6B1A-41D0-8276-B951AF154E8D}.Debug|Any CPU.Build.0 = Debug|Any CPU
		{E093E262-6B1A-41D0-8276-B951AF154E8D}.Debug|x64.ActiveCfg = Debug|Any CPU
		{E093E262-6B1A-41D0-8276-B951AF154E8D}.Debug|x64.Build.0 = Debug|Any CPU
		{E093E262-6B1A-41D0-8276-B951AF154E8D}.Debug|x86.ActiveCfg = Debug|Any CPU
		{E093E262-6B1A-41D0-8276-B951AF154E8D}.Debug|x86.Build.0 = Debug|Any CPU
		{E093E262-6B1A-41D0-8276-B951AF154E8D}.Release|Any CPU.ActiveCfg = Release|Any CPU
		{E093E262-6B1A-41D0-8276-B951AF154E8D}.Release|Any CPU.Build.0 = Release|Any CPU
		{E093E262-6B1A-41D0-8276-B951AF154E8D}.Release|x64.ActiveCfg = Release|Any CPU
		{E093E262-6B1A-41D0-8276-B951AF154E8D}.Release|x64.Build.0 = Release|Any CPU
		{E093E262-6B1A-41D0-8276-B951AF154E8D}.Release|x86.ActiveCfg = Release|Any CPU
		{E093E262-6B1A-41D0-8276-B951AF154E8D}.Release|x86.Build.0 = Release|Any CPU
		{3997C720-1189-41D9-9ABA-8DB8A477B84C}.Debug|Any CPU.ActiveCfg = Debug|Any CPU
		{3997C720-1189-41D9-9ABA-8DB8A477B84C}.Debug|Any CPU.Build.0 = Debug|Any CPU
		{3997C720-1189-41D9-9ABA-8DB8A477B84C}.Debug|x64.ActiveCfg = Debug|Any CPU
		{3997C720-1189-41D9-9ABA-8DB8A477B84C}.Debug|x64.Build.0 = Debug|Any CPU
		{3997C720-1189-41D9-9ABA-8DB8A477B84C}.Debug|x86.ActiveCfg = Debug|Any CPU
		{3997C720-1189-41D9-9ABA-8DB8A477B84C}.Debug|x86.Build.0 = Debug|Any CPU
		{3997C720-1189-41D9-9ABA-8DB8A477B84C}.Release|Any CPU.ActiveCfg = Release|Any CPU
		{3997C720-1189-41D9-9ABA-8DB8A477B84C}.Release|Any CPU.Build.0 = Release|Any CPU
		{3997C720-1189-41D9-9ABA-8DB8A477B84C}.Release|x64.ActiveCfg = Release|Any CPU
		{3997C720-1189-41D9-9ABA-8DB8A477B84C}.Release|x64.Build.0 = Release|Any CPU
		{3997C720-1189-41D9-9ABA-8DB8A477B84C}.Release|x86.ActiveCfg = Release|Any CPU
		{3997C720-1189-41D9-9ABA-8DB8A477B84C}.Release|x86.Build.0 = Release|Any CPU
	EndGlobalSection
	GlobalSection(SolutionProperties) = preSolution
		HideSolutionNode = FALSE
	EndGlobalSection
	GlobalSection(NestedProjects) = preSolution
		{AE289ADD-CE77-4572-952A-9A89A31259AF} = {E22DF3B7-D053-40BD-B119-8EA9769C69B4}
		{C82BBA5D-9ED5-4485-846F-B67FE1AEC949} = {827E0CD3-B72D-47B6-A68D-7590B98EB39B}
		{04778B73-F0EF-48EC-8BA7-1D4263CF07B3} = {827E0CD3-B72D-47B6-A68D-7590B98EB39B}
		{F2EA2C9B-55D6-4036-A87F-FA8E20356B35} = {827E0CD3-B72D-47B6-A68D-7590B98EB39B}
		{E093E262-6B1A-41D0-8276-B951AF154E8D} = {827E0CD3-B72D-47B6-A68D-7590B98EB39B}
		{3997C720-1189-41D9-9ABA-8DB8A477B84C} = {827E0CD3-B72D-47B6-A68D-7590B98EB39B}
	EndGlobalSection
	GlobalSection(ExtensibilityGlobals) = postSolution
		SolutionGuid = {11111111-2222-3333-4444-555555555555}
	EndGlobalSection
EndGlobal
